// !$*UTF8*$!
{
	archiveVersion = 1;
	classes = {
	};
	objectVersion = 56;
	objects = {

/* Begin PBXBuildFile section */
		9C516C192C57BE65000D9C1C /* TasteTestViewModel.swift in Sources */ = {isa = PBXBuildFile; fileRef = 9C516C182C57BE65000D9C1C /* TasteTestViewModel.swift */; };
		9C516C1B2C57C357000D9C1C /* TasteTestResultViewController.swift in Sources */ = {isa = PBXBuildFile; fileRef = 9C516C1A2C57C357000D9C1C /* TasteTestResultViewController.swift */; };
		9C516C1F2C5BB566000D9C1C /* AddFoodBottomSheetViewController.swift in Sources */ = {isa = PBXBuildFile; fileRef = 9C516C1E2C5BB566000D9C1C /* AddFoodBottomSheetViewController.swift */; };
		9C516C232C5D1353000D9C1C /* ManualAddFoodViewController.swift in Sources */ = {isa = PBXBuildFile; fileRef = 9C516C222C5D1353000D9C1C /* ManualAddFoodViewController.swift */; };
		9C516C252C5D1533000D9C1C /* YorijoriTextField.swift in Sources */ = {isa = PBXBuildFile; fileRef = 9C516C242C5D1533000D9C1C /* YorijoriTextField.swift */; };
		9C516C272C5D16DC000D9C1C /* CounterView.swift in Sources */ = {isa = PBXBuildFile; fileRef = 9C516C262C5D16DC000D9C1C /* CounterView.swift */; };
		9C516C292C5E0907000D9C1C /* UnitSelectorView.swift in Sources */ = {isa = PBXBuildFile; fileRef = 9C516C282C5E0907000D9C1C /* UnitSelectorView.swift */; };
		9C516C2C2C5E0CFE000D9C1C /* ManualAddFoodViewModel.swift in Sources */ = {isa = PBXBuildFile; fileRef = 9C516C2B2C5E0CFE000D9C1C /* ManualAddFoodViewModel.swift */; };
		9C516C302C5E1DF9000D9C1C /* NetworkService.swift in Sources */ = {isa = PBXBuildFile; fileRef = 9C516C2F2C5E1DF9000D9C1C /* NetworkService.swift */; };
		9C516C322C5F5F0B000D9C1C /* SUIT-ExtraBold.otf in Resources */ = {isa = PBXBuildFile; fileRef = 9C516C312C5F5F0B000D9C1C /* SUIT-ExtraBold.otf */; };
		9C516C342C624BC4000D9C1C /* ShareBottomSheetViewController.swift in Sources */ = {isa = PBXBuildFile; fileRef = 9C516C332C624BC4000D9C1C /* ShareBottomSheetViewController.swift */; };
		9C516C372C63A1FF000D9C1C /* RecognizeFoodARViewController.swift in Sources */ = {isa = PBXBuildFile; fileRef = 9C516C362C63A1FF000D9C1C /* RecognizeFoodARViewController.swift */; };
		9C516C392C64EDC8000D9C1C /* TutorialRecognizeFoodViewController.swift in Sources */ = {isa = PBXBuildFile; fileRef = 9C516C382C64EDC8000D9C1C /* TutorialRecognizeFoodViewController.swift */; };
		9C516C3D2C67771A000D9C1C /* RecipeGuideViewController.swift in Sources */ = {isa = PBXBuildFile; fileRef = 9C516C3C2C67771A000D9C1C /* RecipeGuideViewController.swift */; };
		9C516C442C687A43000D9C1C /* Alamofire in Frameworks */ = {isa = PBXBuildFile; productRef = 9C516C432C687A43000D9C1C /* Alamofire */; };
		9C516C462C687D06000D9C1C /* LoadingIndicator.swift in Sources */ = {isa = PBXBuildFile; fileRef = 9C516C452C687D06000D9C1C /* LoadingIndicator.swift */; };
		9C516C482C688D8B000D9C1C /* OpenAPIResponseModel.swift in Sources */ = {isa = PBXBuildFile; fileRef = 9C516C472C688D8B000D9C1C /* OpenAPIResponseModel.swift */; };
		9C516C4B2C689742000D9C1C /* RecipeGuideViewModel.swift in Sources */ = {isa = PBXBuildFile; fileRef = 9C516C4A2C689742000D9C1C /* RecipeGuideViewModel.swift */; };
		9C516C4E2C70633C000D9C1C /* RecommendFoodViewController.swift in Sources */ = {isa = PBXBuildFile; fileRef = 9C516C4D2C70633C000D9C1C /* RecommendFoodViewController.swift */; };
		9C516C502C707415000D9C1C /* UILabel+Ext.swift in Sources */ = {isa = PBXBuildFile; fileRef = 9C516C4F2C707415000D9C1C /* UILabel+Ext.swift */; };
		9C5FDB4C2CB00EFE0003C9A0 /* FoodItemCell.swift in Sources */ = {isa = PBXBuildFile; fileRef = 9C5FDB4B2CB00EFE0003C9A0 /* FoodItemCell.swift */; };
		9C5FDB4F2CB00F6C0003C9A0 /* Kingfisher in Frameworks */ = {isa = PBXBuildFile; productRef = 9C5FDB4E2CB00F6C0003C9A0 /* Kingfisher */; };
		9C5FDB512CB029100003C9A0 /* IngredientTableCell.swift in Sources */ = {isa = PBXBuildFile; fileRef = 9C5FDB502CB029100003C9A0 /* IngredientTableCell.swift */; };
		9C5FDB552CB2C5960003C9A0 /* VisionDetectViewController.swift in Sources */ = {isa = PBXBuildFile; fileRef = 9C5FDB542CB2C5960003C9A0 /* VisionDetectViewController.swift */; };
		9C5FDB572CB2C8B80003C9A0 /* light_best.mlmodel in Sources */ = {isa = PBXBuildFile; fileRef = 9C5FDB562CB2C8B80003C9A0 /* light_best.mlmodel */; };
		9C5FDB5B2CB53A2A0003C9A0 /* Secrets.xcconfig in Resources */ = {isa = PBXBuildFile; fileRef = 9C5FDB5A2CB53A2A0003C9A0 /* Secrets.xcconfig */; };
		9CA9B2BC2CA034E000423287 /* WeeklyReportChartView.swift in Sources */ = {isa = PBXBuildFile; fileRef = 9CA9B2BB2CA034E000423287 /* WeeklyReportChartView.swift */; };
		9CA9B2C12CA7D56400423287 /* WeeklyReportViewController.swift in Sources */ = {isa = PBXBuildFile; fileRef = 9CA9B2C02CA7D56400423287 /* WeeklyReportViewController.swift */; };
		9CABC7982C38EB8C0096D384 /* AppDelegate.swift in Sources */ = {isa = PBXBuildFile; fileRef = 9CABC7972C38EB8C0096D384 /* AppDelegate.swift */; };
		9CABC79A2C38EB8C0096D384 /* art.scnassets in Resources */ = {isa = PBXBuildFile; fileRef = 9CABC7992C38EB8C0096D384 /* art.scnassets */; };
		9CABC79C2C38EB8C0096D384 /* ViewController.swift in Sources */ = {isa = PBXBuildFile; fileRef = 9CABC79B2C38EB8C0096D384 /* ViewController.swift */; };
		9CABC79F2C38EB8C0096D384 /* Base in Resources */ = {isa = PBXBuildFile; fileRef = 9CABC79E2C38EB8C0096D384 /* Base */; };
		9CABC7A12C38EB8D0096D384 /* Assets.xcassets in Resources */ = {isa = PBXBuildFile; fileRef = 9CABC7A02C38EB8D0096D384 /* Assets.xcassets */; };
		9CABC7A42C38EB8D0096D384 /* Base in Resources */ = {isa = PBXBuildFile; fileRef = 9CABC7A32C38EB8D0096D384 /* Base */; };
		9CABC7AE2C38EB8E0096D384 /* YoriJoriTests.swift in Sources */ = {isa = PBXBuildFile; fileRef = 9CABC7AD2C38EB8E0096D384 /* YoriJoriTests.swift */; };
		9CABC7B82C38EB8E0096D384 /* YoriJoriUITests.swift in Sources */ = {isa = PBXBuildFile; fileRef = 9CABC7B72C38EB8E0096D384 /* YoriJoriUITests.swift */; };
		9CABC7BA2C38EB8E0096D384 /* YoriJoriUITestsLaunchTests.swift in Sources */ = {isa = PBXBuildFile; fileRef = 9CABC7B92C38EB8E0096D384 /* YoriJoriUITestsLaunchTests.swift */; };
		9CABC7C82C39070B0096D384 /* SceneDelegate.swift in Sources */ = {isa = PBXBuildFile; fileRef = 9CABC7C72C39070B0096D384 /* SceneDelegate.swift */; };
		9CABC7CA2C390E680096D384 /* RecommendFoodTapViewController.swift in Sources */ = {isa = PBXBuildFile; fileRef = 9CABC7C92C390E680096D384 /* RecommendFoodTapViewController.swift */; };
		9CABC7D32C39152B0096D384 /* UserDefaultsManager.swift in Sources */ = {isa = PBXBuildFile; fileRef = 9CABC7D22C39152B0096D384 /* UserDefaultsManager.swift */; };
		9CABC7D92C3918D30096D384 /* LoginViewController.swift in Sources */ = {isa = PBXBuildFile; fileRef = 9CABC7D82C3918D30096D384 /* LoginViewController.swift */; };
		9CABC7DD2C391D440096D384 /* OnboardingContainerViewController.swift in Sources */ = {isa = PBXBuildFile; fileRef = 9CABC7DC2C391D440096D384 /* OnboardingContainerViewController.swift */; };
		9CABC7E32C392B990096D384 /* FirstOnboardingViewController.swift in Sources */ = {isa = PBXBuildFile; fileRef = 9CABC7E22C392B990096D384 /* FirstOnboardingViewController.swift */; };
		9CABC7E52C392BAE0096D384 /* SecondOnboardingViewController.swift in Sources */ = {isa = PBXBuildFile; fileRef = 9CABC7E42C392BAE0096D384 /* SecondOnboardingViewController.swift */; };
		9CABC7E82C392D5F0096D384 /* SnapKit in Frameworks */ = {isa = PBXBuildFile; productRef = 9CABC7E72C392D5F0096D384 /* SnapKit */; };
		9CABC7ED2C395A060096D384 /* RxCocoa in Frameworks */ = {isa = PBXBuildFile; productRef = 9CABC7EC2C395A060096D384 /* RxCocoa */; };
		9CABC7EF2C395A060096D384 /* RxSwift in Frameworks */ = {isa = PBXBuildFile; productRef = 9CABC7EE2C395A060096D384 /* RxSwift */; };
		9CABC7F32C399CAA0096D384 /* LoginRequestModel.swift in Sources */ = {isa = PBXBuildFile; fileRef = 9CABC7F22C399CAA0096D384 /* LoginRequestModel.swift */; };
		9CABC7F82C399D410096D384 /* Then in Frameworks */ = {isa = PBXBuildFile; productRef = 9CABC7F72C399D410096D384 /* Then */; };
		9CABC7FA2C399EF70096D384 /* LoginViewModel.swift in Sources */ = {isa = PBXBuildFile; fileRef = 9CABC7F92C399EF70096D384 /* LoginViewModel.swift */; };
		9CABC8012C3C175D0096D384 /* FirstRegistViewController.swift in Sources */ = {isa = PBXBuildFile; fileRef = 9CABC8002C3C175D0096D384 /* FirstRegistViewController.swift */; };
		9CABC8032C3C17B60096D384 /* SecondRegistViewController.swift in Sources */ = {isa = PBXBuildFile; fileRef = 9CABC8022C3C17B60096D384 /* SecondRegistViewController.swift */; };
		9CABC8052C3C17CD0096D384 /* ThirdRegistViewController.swift in Sources */ = {isa = PBXBuildFile; fileRef = 9CABC8042C3C17CD0096D384 /* ThirdRegistViewController.swift */; };
		9CABC8072C3C17DD0096D384 /* LastRegistViewController.swift in Sources */ = {isa = PBXBuildFile; fileRef = 9CABC8062C3C17DD0096D384 /* LastRegistViewController.swift */; };
		9CABC80A2C3D6BCF0096D384 /* FirstRegistViewModel.swift in Sources */ = {isa = PBXBuildFile; fileRef = 9CABC8092C3D6BCF0096D384 /* FirstRegistViewModel.swift */; };
		9CABC80D2C453C7D0096D384 /* SecondRegistViewModel.swift in Sources */ = {isa = PBXBuildFile; fileRef = 9CABC80C2C453C7D0096D384 /* SecondRegistViewModel.swift */; };
		9CABC8112C4540180096D384 /* UIScrollView+Ext.swift in Sources */ = {isa = PBXBuildFile; fileRef = 9CABC8102C4540180096D384 /* UIScrollView+Ext.swift */; };
		9CABC8132C4545910096D384 /* ThirdRegistViewModel.swift in Sources */ = {isa = PBXBuildFile; fileRef = 9CABC8122C4545910096D384 /* ThirdRegistViewModel.swift */; };
		9CABC8152C4546360096D384 /* UsageCategoryCell.swift in Sources */ = {isa = PBXBuildFile; fileRef = 9CABC8142C4546360096D384 /* UsageCategoryCell.swift */; };
		9CABC8182C4546A60096D384 /* DesignSystemColor.swift in Sources */ = {isa = PBXBuildFile; fileRef = 9CABC8172C4546A60096D384 /* DesignSystemColor.swift */; };
		9CABC81A2C4546D20096D384 /* UIColor+Ext.swift in Sources */ = {isa = PBXBuildFile; fileRef = 9CABC8192C4546D20096D384 /* UIColor+Ext.swift */; };
		9CABC8202C4548BB0096D384 /* UIFont+Ext.swift in Sources */ = {isa = PBXBuildFile; fileRef = 9CABC81F2C4548BB0096D384 /* UIFont+Ext.swift */; };
		9CABC8222C4549120096D384 /* DesignSystemFont.swift in Sources */ = {isa = PBXBuildFile; fileRef = 9CABC8212C4549120096D384 /* DesignSystemFont.swift */; };
		9CABC8262C468EF00096D384 /* DiseaseCategoryCell.swift in Sources */ = {isa = PBXBuildFile; fileRef = 9CABC8252C468EF00096D384 /* DiseaseCategoryCell.swift */; };
		9CABC8282C4946120096D384 /* LifestyleHabitCategoryCell.swift in Sources */ = {isa = PBXBuildFile; fileRef = 9CABC8272C4946120096D384 /* LifestyleHabitCategoryCell.swift */; };
		9CABC82B2C4BF5E50096D384 /* TabBarController.swift in Sources */ = {isa = PBXBuildFile; fileRef = 9CABC82A2C4BF5E50096D384 /* TabBarController.swift */; };
		9CABC8332C4C01880096D384 /* ReportViewController.swift in Sources */ = {isa = PBXBuildFile; fileRef = 9CABC8322C4C01880096D384 /* ReportViewController.swift */; };
		9CABC8352C4C01940096D384 /* HomeViewController.swift in Sources */ = {isa = PBXBuildFile; fileRef = 9CABC8342C4C01940096D384 /* HomeViewController.swift */; };
		9CABC8372C4C019F0096D384 /* CommunityViewController.swift in Sources */ = {isa = PBXBuildFile; fileRef = 9CABC8362C4C019F0096D384 /* CommunityViewController.swift */; };
		9CABC8392C4C01AA0096D384 /* MyProfileViewController.swift in Sources */ = {isa = PBXBuildFile; fileRef = 9CABC8382C4C01AA0096D384 /* MyProfileViewController.swift */; };
		9CABC8432C4E8E090096D384 /* FoodRegisterView.swift in Sources */ = {isa = PBXBuildFile; fileRef = 9CABC8422C4E8E090096D384 /* FoodRegisterView.swift */; };
		9CABC8472C5296130096D384 /* SUIT-Bold.otf in Resources */ = {isa = PBXBuildFile; fileRef = 9CABC8462C5296130096D384 /* SUIT-Bold.otf */; };
		9CABC84A2C52961B0096D384 /* SUIT-SemiBold.otf in Resources */ = {isa = PBXBuildFile; fileRef = 9CABC8482C52961B0096D384 /* SUIT-SemiBold.otf */; };
		9CABC84B2C52961B0096D384 /* SUIT-Medium.otf in Resources */ = {isa = PBXBuildFile; fileRef = 9CABC8492C52961B0096D384 /* SUIT-Medium.otf */; };
		9CABC84D2C5296210096D384 /* SUIT-Regular.otf in Resources */ = {isa = PBXBuildFile; fileRef = 9CABC84C2C5296210096D384 /* SUIT-Regular.otf */; };
		9CABC84F2C5298910096D384 /* YorijoriButton.swift in Sources */ = {isa = PBXBuildFile; fileRef = 9CABC84E2C5298910096D384 /* YorijoriButton.swift */; };
		9CABC8522C5319C50096D384 /* RegisterFoodViewController.swift in Sources */ = {isa = PBXBuildFile; fileRef = 9CABC8512C5319C50096D384 /* RegisterFoodViewController.swift */; };
		9CABC85B2C5684860096D384 /* BaseTasteTestViewController.swift in Sources */ = {isa = PBXBuildFile; fileRef = 9CABC85A2C5684860096D384 /* BaseTasteTestViewController.swift */; };
		9CABC85D2C5687930096D384 /* FirstTasteTestViewController.swift in Sources */ = {isa = PBXBuildFile; fileRef = 9CABC85C2C5687930096D384 /* FirstTasteTestViewController.swift */; };
		9CABC85F2C56884C0096D384 /* YorijoriFilledButton.swift in Sources */ = {isa = PBXBuildFile; fileRef = 9CABC85E2C56884C0096D384 /* YorijoriFilledButton.swift */; };
		9CABC8612C568B760096D384 /* SecondTasteViewController.swift in Sources */ = {isa = PBXBuildFile; fileRef = 9CABC8602C568B760096D384 /* SecondTasteViewController.swift */; };
		9CABC8632C568BBB0096D384 /* ThirdTasteTestViewController.swift in Sources */ = {isa = PBXBuildFile; fileRef = 9CABC8622C568BBB0096D384 /* ThirdTasteTestViewController.swift */; };
		9CABC8652C568BC50096D384 /* FourthTasteTestViewController.swift in Sources */ = {isa = PBXBuildFile; fileRef = 9CABC8642C568BC50096D384 /* FourthTasteTestViewController.swift */; };
		9CABC8672C568BCF0096D384 /* FifthTasteTestViewController.swift in Sources */ = {isa = PBXBuildFile; fileRef = 9CABC8662C568BCF0096D384 /* FifthTasteTestViewController.swift */; };
		9CABC8692C568BD70096D384 /* SixthTasteTestViewController.swift in Sources */ = {isa = PBXBuildFile; fileRef = 9CABC8682C568BD70096D384 /* SixthTasteTestViewController.swift */; };
		9CABC86B2C568BE10096D384 /* SeventhTasteTestViewController.swift in Sources */ = {isa = PBXBuildFile; fileRef = 9CABC86A2C568BE10096D384 /* SeventhTasteTestViewController.swift */; };
		9CABC86D2C568C030096D384 /* EighthTasteTestViewController.swift in Sources */ = {isa = PBXBuildFile; fileRef = 9CABC86C2C568C030096D384 /* EighthTasteTestViewController.swift */; };
		9CABC86F2C568C1A0096D384 /* NinthTasteTestViewController.swift in Sources */ = {isa = PBXBuildFile; fileRef = 9CABC86E2C568C1A0096D384 /* NinthTasteTestViewController.swift */; };
		9CABC8712C568C230096D384 /* LastTasteTestViewController.swift in Sources */ = {isa = PBXBuildFile; fileRef = 9CABC8702C568C230096D384 /* LastTasteTestViewController.swift */; };
		9CDF4C082C9FF389003268DD /* EmptyFoodRecordView.swift in Sources */ = {isa = PBXBuildFile; fileRef = 9CDF4C072C9FF389003268DD /* EmptyFoodRecordView.swift */; };
		9CDF4C0A2C9FFF0E003268DD /* WeeklyDietGuideCollectionViewCell.swift in Sources */ = {isa = PBXBuildFile; fileRef = 9CDF4C092C9FFF0E003268DD /* WeeklyDietGuideCollectionViewCell.swift */; };
		9CDFA7CB2C7773150040554B /* HomeRecognizeARViewController.swift in Sources */ = {isa = PBXBuildFile; fileRef = 9CDFA7CA2C7773150040554B /* HomeRecognizeARViewController.swift */; };
		9CDFA7CE2C777CD30040554B /* CalorieCheckWithTextView.swift in Sources */ = {isa = PBXBuildFile; fileRef = 9CDFA7CD2C777CD30040554B /* CalorieCheckWithTextView.swift */; };
		9CDFA7D02C78C60D0040554B /* IngredientInfoViewController.swift in Sources */ = {isa = PBXBuildFile; fileRef = 9CDFA7CF2C78C60D0040554B /* IngredientInfoViewController.swift */; };
		9CDFA7D22C78CA9A0040554B /* CalorieInfoView.swift in Sources */ = {isa = PBXBuildFile; fileRef = 9CDFA7D12C78CA9A0040554B /* CalorieInfoView.swift */; };
		9CDFA7D42C78CB910040554B /* CalorieInfoStackView.swift in Sources */ = {isa = PBXBuildFile; fileRef = 9CDFA7D32C78CB910040554B /* CalorieInfoStackView.swift */; };
		9CDFA7D62C7AFAFC0040554B /* IngredientsDetailInfoViewController.swift in Sources */ = {isa = PBXBuildFile; fileRef = 9CDFA7D52C7AFAFC0040554B /* IngredientsDetailInfoViewController.swift */; };
		9CDFA7D82C7AFBDE0040554B /* IngredientsDetailInfoView.swift in Sources */ = {isa = PBXBuildFile; fileRef = 9CDFA7D72C7AFBDE0040554B /* IngredientsDetailInfoView.swift */; };
		9CDFA7DB2C7B00340040554B /* IngredientsDetailModel.swift in Sources */ = {isa = PBXBuildFile; fileRef = 9CDFA7DA2C7B00340040554B /* IngredientsDetailModel.swift */; };
		9CDFA7DE2C7B036A0040554B /* NutritionTableView.swift in Sources */ = {isa = PBXBuildFile; fileRef = 9CDFA7DD2C7B036A0040554B /* NutritionTableView.swift */; };
		9CDFA7E02C7B03860040554B /* NutritionTableViewCell.swift in Sources */ = {isa = PBXBuildFile; fileRef = 9CDFA7DF2C7B03860040554B /* NutritionTableViewCell.swift */; };
		9CDFA7E22C7B03D50040554B /* UIView+Ext.swift in Sources */ = {isa = PBXBuildFile; fileRef = 9CDFA7E12C7B03D50040554B /* UIView+Ext.swift */; };
		9CDFA7E42C7B1E130040554B /* IngredientsReportViewController.swift in Sources */ = {isa = PBXBuildFile; fileRef = 9CDFA7E32C7B1E130040554B /* IngredientsReportViewController.swift */; };
		9CDFA7E72C7B42380040554B /* WeeklyReportView.swift in Sources */ = {isa = PBXBuildFile; fileRef = 9CDFA7E62C7B42380040554B /* WeeklyReportView.swift */; };
		9CDFA7EA2C7CB12A0040554B /* LastRegisterViewController.swift in Sources */ = {isa = PBXBuildFile; fileRef = 9CDFA7E92C7CB12A0040554B /* LastRegisterViewController.swift */; };
		9CDFA7EC2C955C970040554B /* FriendsListModel.swift in Sources */ = {isa = PBXBuildFile; fileRef = 9CDFA7EB2C955C970040554B /* FriendsListModel.swift */; };
		9CDFA7EF2C955D860040554B /* FriendsListTableViewCell.swift in Sources */ = {isa = PBXBuildFile; fileRef = 9CDFA7EE2C955D860040554B /* FriendsListTableViewCell.swift */; };
		9CDFA7F22C957AA30040554B /* FSCalendar in Frameworks */ = {isa = PBXBuildFile; productRef = 9CDFA7F12C957AA30040554B /* FSCalendar */; };
/* End PBXBuildFile section */

/* Begin PBXContainerItemProxy section */
		9CABC7AA2C38EB8E0096D384 /* PBXContainerItemProxy */ = {
			isa = PBXContainerItemProxy;
			containerPortal = 9CABC78C2C38EB8C0096D384 /* Project object */;
			proxyType = 1;
			remoteGlobalIDString = 9CABC7932C38EB8C0096D384;
			remoteInfo = YoriJori;
		};
		9CABC7B42C38EB8E0096D384 /* PBXContainerItemProxy */ = {
			isa = PBXContainerItemProxy;
			containerPortal = 9CABC78C2C38EB8C0096D384 /* Project object */;
			proxyType = 1;
			remoteGlobalIDString = 9CABC7932C38EB8C0096D384;
			remoteInfo = YoriJori;
		};
/* End PBXContainerItemProxy section */

/* Begin PBXFileReference section */
		9C516C182C57BE65000D9C1C /* TasteTestViewModel.swift */ = {isa = PBXFileReference; lastKnownFileType = sourcecode.swift; path = TasteTestViewModel.swift; sourceTree = "<group>"; };
		9C516C1A2C57C357000D9C1C /* TasteTestResultViewController.swift */ = {isa = PBXFileReference; lastKnownFileType = sourcecode.swift; path = TasteTestResultViewController.swift; sourceTree = "<group>"; };
		9C516C1E2C5BB566000D9C1C /* AddFoodBottomSheetViewController.swift */ = {isa = PBXFileReference; lastKnownFileType = sourcecode.swift; path = AddFoodBottomSheetViewController.swift; sourceTree = "<group>"; };
		9C516C222C5D1353000D9C1C /* ManualAddFoodViewController.swift */ = {isa = PBXFileReference; lastKnownFileType = sourcecode.swift; path = ManualAddFoodViewController.swift; sourceTree = "<group>"; };
		9C516C242C5D1533000D9C1C /* YorijoriTextField.swift */ = {isa = PBXFileReference; lastKnownFileType = sourcecode.swift; path = YorijoriTextField.swift; sourceTree = "<group>"; };
		9C516C262C5D16DC000D9C1C /* CounterView.swift */ = {isa = PBXFileReference; lastKnownFileType = sourcecode.swift; path = CounterView.swift; sourceTree = "<group>"; };
		9C516C282C5E0907000D9C1C /* UnitSelectorView.swift */ = {isa = PBXFileReference; lastKnownFileType = sourcecode.swift; path = UnitSelectorView.swift; sourceTree = "<group>"; };
		9C516C2B2C5E0CFE000D9C1C /* ManualAddFoodViewModel.swift */ = {isa = PBXFileReference; lastKnownFileType = sourcecode.swift; path = ManualAddFoodViewModel.swift; sourceTree = "<group>"; };
		9C516C2D2C5E1A7C000D9C1C /* Secrets.xcconfig */ = {isa = PBXFileReference; lastKnownFileType = text.xcconfig; path = Secrets.xcconfig; sourceTree = "<group>"; };
		9C516C2F2C5E1DF9000D9C1C /* NetworkService.swift */ = {isa = PBXFileReference; lastKnownFileType = sourcecode.swift; path = NetworkService.swift; sourceTree = "<group>"; };
		9C516C312C5F5F0B000D9C1C /* SUIT-ExtraBold.otf */ = {isa = PBXFileReference; lastKnownFileType = file; path = "SUIT-ExtraBold.otf"; sourceTree = "<group>"; };
		9C516C332C624BC4000D9C1C /* ShareBottomSheetViewController.swift */ = {isa = PBXFileReference; lastKnownFileType = sourcecode.swift; path = ShareBottomSheetViewController.swift; sourceTree = "<group>"; };
		9C516C362C63A1FF000D9C1C /* RecognizeFoodARViewController.swift */ = {isa = PBXFileReference; lastKnownFileType = sourcecode.swift; path = RecognizeFoodARViewController.swift; sourceTree = "<group>"; };
		9C516C382C64EDC8000D9C1C /* TutorialRecognizeFoodViewController.swift */ = {isa = PBXFileReference; lastKnownFileType = sourcecode.swift; path = TutorialRecognizeFoodViewController.swift; sourceTree = "<group>"; };
		9C516C3C2C67771A000D9C1C /* RecipeGuideViewController.swift */ = {isa = PBXFileReference; lastKnownFileType = sourcecode.swift; path = RecipeGuideViewController.swift; sourceTree = "<group>"; };
		9C516C452C687D06000D9C1C /* LoadingIndicator.swift */ = {isa = PBXFileReference; lastKnownFileType = sourcecode.swift; path = LoadingIndicator.swift; sourceTree = "<group>"; };
		9C516C472C688D8B000D9C1C /* OpenAPIResponseModel.swift */ = {isa = PBXFileReference; lastKnownFileType = sourcecode.swift; path = OpenAPIResponseModel.swift; sourceTree = "<group>"; };
		9C516C4A2C689742000D9C1C /* RecipeGuideViewModel.swift */ = {isa = PBXFileReference; lastKnownFileType = sourcecode.swift; path = RecipeGuideViewModel.swift; sourceTree = "<group>"; };
		9C516C4D2C70633C000D9C1C /* RecommendFoodViewController.swift */ = {isa = PBXFileReference; lastKnownFileType = sourcecode.swift; path = RecommendFoodViewController.swift; sourceTree = "<group>"; };
		9C516C4F2C707415000D9C1C /* UILabel+Ext.swift */ = {isa = PBXFileReference; lastKnownFileType = sourcecode.swift; path = "UILabel+Ext.swift"; sourceTree = "<group>"; };
		9C5FDB4B2CB00EFE0003C9A0 /* FoodItemCell.swift */ = {isa = PBXFileReference; lastKnownFileType = sourcecode.swift; path = FoodItemCell.swift; sourceTree = "<group>"; };
		9C5FDB502CB029100003C9A0 /* IngredientTableCell.swift */ = {isa = PBXFileReference; lastKnownFileType = sourcecode.swift; path = IngredientTableCell.swift; sourceTree = "<group>"; };
		9C5FDB542CB2C5960003C9A0 /* VisionDetectViewController.swift */ = {isa = PBXFileReference; lastKnownFileType = sourcecode.swift; path = VisionDetectViewController.swift; sourceTree = "<group>"; };
		9C5FDB562CB2C8B80003C9A0 /* light_best.mlmodel */ = {isa = PBXFileReference; lastKnownFileType = file.mlmodel; path = light_best.mlmodel; sourceTree = "<group>"; };
		9C5FDB5A2CB53A2A0003C9A0 /* Secrets.xcconfig */ = {isa = PBXFileReference; fileEncoding = 4; lastKnownFileType = text.xcconfig; path = Secrets.xcconfig; sourceTree = "<group>"; };
		9CA9B2BB2CA034E000423287 /* WeeklyReportChartView.swift */ = {isa = PBXFileReference; lastKnownFileType = sourcecode.swift; path = WeeklyReportChartView.swift; sourceTree = "<group>"; };
		9CA9B2C02CA7D56400423287 /* WeeklyReportViewController.swift */ = {isa = PBXFileReference; lastKnownFileType = sourcecode.swift; path = WeeklyReportViewController.swift; sourceTree = "<group>"; };
		9CABC7942C38EB8C0096D384 /* YoriJori.app */ = {isa = PBXFileReference; explicitFileType = wrapper.application; includeInIndex = 0; path = YoriJori.app; sourceTree = BUILT_PRODUCTS_DIR; };
		9CABC7972C38EB8C0096D384 /* AppDelegate.swift */ = {isa = PBXFileReference; lastKnownFileType = sourcecode.swift; path = AppDelegate.swift; sourceTree = "<group>"; };
		9CABC7992C38EB8C0096D384 /* art.scnassets */ = {isa = PBXFileReference; lastKnownFileType = wrapper.scnassets; path = art.scnassets; sourceTree = "<group>"; };
		9CABC79B2C38EB8C0096D384 /* ViewController.swift */ = {isa = PBXFileReference; lastKnownFileType = sourcecode.swift; path = ViewController.swift; sourceTree = "<group>"; };
		9CABC79E2C38EB8C0096D384 /* Base */ = {isa = PBXFileReference; lastKnownFileType = file.storyboard; name = Base; path = Base.lproj/Main.storyboard; sourceTree = "<group>"; };
		9CABC7A02C38EB8D0096D384 /* Assets.xcassets */ = {isa = PBXFileReference; lastKnownFileType = folder.assetcatalog; path = Assets.xcassets; sourceTree = "<group>"; };
		9CABC7A32C38EB8D0096D384 /* Base */ = {isa = PBXFileReference; lastKnownFileType = file.storyboard; name = Base; path = Base.lproj/LaunchScreen.storyboard; sourceTree = "<group>"; };
		9CABC7A92C38EB8E0096D384 /* YoriJoriTests.xctest */ = {isa = PBXFileReference; explicitFileType = wrapper.cfbundle; includeInIndex = 0; path = YoriJoriTests.xctest; sourceTree = BUILT_PRODUCTS_DIR; };
		9CABC7AD2C38EB8E0096D384 /* YoriJoriTests.swift */ = {isa = PBXFileReference; lastKnownFileType = sourcecode.swift; path = YoriJoriTests.swift; sourceTree = "<group>"; };
		9CABC7B32C38EB8E0096D384 /* YoriJoriUITests.xctest */ = {isa = PBXFileReference; explicitFileType = wrapper.cfbundle; includeInIndex = 0; path = YoriJoriUITests.xctest; sourceTree = BUILT_PRODUCTS_DIR; };
		9CABC7B72C38EB8E0096D384 /* YoriJoriUITests.swift */ = {isa = PBXFileReference; lastKnownFileType = sourcecode.swift; path = YoriJoriUITests.swift; sourceTree = "<group>"; };
		9CABC7B92C38EB8E0096D384 /* YoriJoriUITestsLaunchTests.swift */ = {isa = PBXFileReference; lastKnownFileType = sourcecode.swift; path = YoriJoriUITestsLaunchTests.swift; sourceTree = "<group>"; };
		9CABC7C62C3906730096D384 /* Info.plist */ = {isa = PBXFileReference; lastKnownFileType = text.plist; path = Info.plist; sourceTree = "<group>"; };
		9CABC7C72C39070B0096D384 /* SceneDelegate.swift */ = {isa = PBXFileReference; lastKnownFileType = sourcecode.swift; path = SceneDelegate.swift; sourceTree = "<group>"; };
		9CABC7C92C390E680096D384 /* RecommendFoodTapViewController.swift */ = {isa = PBXFileReference; lastKnownFileType = sourcecode.swift; path = RecommendFoodTapViewController.swift; sourceTree = "<group>"; };
		9CABC7D22C39152B0096D384 /* UserDefaultsManager.swift */ = {isa = PBXFileReference; lastKnownFileType = sourcecode.swift; path = UserDefaultsManager.swift; sourceTree = "<group>"; };
		9CABC7D82C3918D30096D384 /* LoginViewController.swift */ = {isa = PBXFileReference; lastKnownFileType = sourcecode.swift; path = LoginViewController.swift; sourceTree = "<group>"; };
		9CABC7DC2C391D440096D384 /* OnboardingContainerViewController.swift */ = {isa = PBXFileReference; lastKnownFileType = sourcecode.swift; path = OnboardingContainerViewController.swift; sourceTree = "<group>"; };
		9CABC7E22C392B990096D384 /* FirstOnboardingViewController.swift */ = {isa = PBXFileReference; lastKnownFileType = sourcecode.swift; path = FirstOnboardingViewController.swift; sourceTree = "<group>"; };
		9CABC7E42C392BAE0096D384 /* SecondOnboardingViewController.swift */ = {isa = PBXFileReference; lastKnownFileType = sourcecode.swift; path = SecondOnboardingViewController.swift; sourceTree = "<group>"; };
		9CABC7F22C399CAA0096D384 /* LoginRequestModel.swift */ = {isa = PBXFileReference; lastKnownFileType = sourcecode.swift; path = LoginRequestModel.swift; sourceTree = "<group>"; };
		9CABC7F92C399EF70096D384 /* LoginViewModel.swift */ = {isa = PBXFileReference; lastKnownFileType = sourcecode.swift; path = LoginViewModel.swift; sourceTree = "<group>"; };
		9CABC8002C3C175D0096D384 /* FirstRegistViewController.swift */ = {isa = PBXFileReference; lastKnownFileType = sourcecode.swift; path = FirstRegistViewController.swift; sourceTree = "<group>"; };
		9CABC8022C3C17B60096D384 /* SecondRegistViewController.swift */ = {isa = PBXFileReference; lastKnownFileType = sourcecode.swift; path = SecondRegistViewController.swift; sourceTree = "<group>"; };
		9CABC8042C3C17CD0096D384 /* ThirdRegistViewController.swift */ = {isa = PBXFileReference; lastKnownFileType = sourcecode.swift; path = ThirdRegistViewController.swift; sourceTree = "<group>"; };
		9CABC8062C3C17DD0096D384 /* LastRegistViewController.swift */ = {isa = PBXFileReference; lastKnownFileType = sourcecode.swift; path = LastRegistViewController.swift; sourceTree = "<group>"; };
		9CABC8092C3D6BCF0096D384 /* FirstRegistViewModel.swift */ = {isa = PBXFileReference; lastKnownFileType = sourcecode.swift; path = FirstRegistViewModel.swift; sourceTree = "<group>"; };
		9CABC80C2C453C7D0096D384 /* SecondRegistViewModel.swift */ = {isa = PBXFileReference; lastKnownFileType = sourcecode.swift; path = SecondRegistViewModel.swift; sourceTree = "<group>"; };
		9CABC8102C4540180096D384 /* UIScrollView+Ext.swift */ = {isa = PBXFileReference; lastKnownFileType = sourcecode.swift; path = "UIScrollView+Ext.swift"; sourceTree = "<group>"; };
		9CABC8122C4545910096D384 /* ThirdRegistViewModel.swift */ = {isa = PBXFileReference; lastKnownFileType = sourcecode.swift; path = ThirdRegistViewModel.swift; sourceTree = "<group>"; };
		9CABC8142C4546360096D384 /* UsageCategoryCell.swift */ = {isa = PBXFileReference; lastKnownFileType = sourcecode.swift; path = UsageCategoryCell.swift; sourceTree = "<group>"; };
		9CABC8172C4546A60096D384 /* DesignSystemColor.swift */ = {isa = PBXFileReference; lastKnownFileType = sourcecode.swift; path = DesignSystemColor.swift; sourceTree = "<group>"; };
		9CABC8192C4546D20096D384 /* UIColor+Ext.swift */ = {isa = PBXFileReference; lastKnownFileType = sourcecode.swift; path = "UIColor+Ext.swift"; sourceTree = "<group>"; };
		9CABC81F2C4548BB0096D384 /* UIFont+Ext.swift */ = {isa = PBXFileReference; lastKnownFileType = sourcecode.swift; path = "UIFont+Ext.swift"; sourceTree = "<group>"; };
		9CABC8212C4549120096D384 /* DesignSystemFont.swift */ = {isa = PBXFileReference; lastKnownFileType = sourcecode.swift; path = DesignSystemFont.swift; sourceTree = "<group>"; };
		9CABC8252C468EF00096D384 /* DiseaseCategoryCell.swift */ = {isa = PBXFileReference; lastKnownFileType = sourcecode.swift; path = DiseaseCategoryCell.swift; sourceTree = "<group>"; };
		9CABC8272C4946120096D384 /* LifestyleHabitCategoryCell.swift */ = {isa = PBXFileReference; lastKnownFileType = sourcecode.swift; path = LifestyleHabitCategoryCell.swift; sourceTree = "<group>"; };
		9CABC82A2C4BF5E50096D384 /* TabBarController.swift */ = {isa = PBXFileReference; lastKnownFileType = sourcecode.swift; path = TabBarController.swift; sourceTree = "<group>"; };
		9CABC8322C4C01880096D384 /* ReportViewController.swift */ = {isa = PBXFileReference; lastKnownFileType = sourcecode.swift; path = ReportViewController.swift; sourceTree = "<group>"; };
		9CABC8342C4C01940096D384 /* HomeViewController.swift */ = {isa = PBXFileReference; lastKnownFileType = sourcecode.swift; path = HomeViewController.swift; sourceTree = "<group>"; };
		9CABC8362C4C019F0096D384 /* CommunityViewController.swift */ = {isa = PBXFileReference; lastKnownFileType = sourcecode.swift; path = CommunityViewController.swift; sourceTree = "<group>"; };
		9CABC8382C4C01AA0096D384 /* MyProfileViewController.swift */ = {isa = PBXFileReference; lastKnownFileType = sourcecode.swift; path = MyProfileViewController.swift; sourceTree = "<group>"; };
		9CABC8422C4E8E090096D384 /* FoodRegisterView.swift */ = {isa = PBXFileReference; lastKnownFileType = sourcecode.swift; path = FoodRegisterView.swift; sourceTree = "<group>"; };
		9CABC8462C5296130096D384 /* SUIT-Bold.otf */ = {isa = PBXFileReference; lastKnownFileType = file; path = "SUIT-Bold.otf"; sourceTree = "<group>"; };
		9CABC8482C52961B0096D384 /* SUIT-SemiBold.otf */ = {isa = PBXFileReference; lastKnownFileType = file; path = "SUIT-SemiBold.otf"; sourceTree = "<group>"; };
		9CABC8492C52961B0096D384 /* SUIT-Medium.otf */ = {isa = PBXFileReference; lastKnownFileType = file; path = "SUIT-Medium.otf"; sourceTree = "<group>"; };
		9CABC84C2C5296210096D384 /* SUIT-Regular.otf */ = {isa = PBXFileReference; lastKnownFileType = file; path = "SUIT-Regular.otf"; sourceTree = "<group>"; };
		9CABC84E2C5298910096D384 /* YorijoriButton.swift */ = {isa = PBXFileReference; lastKnownFileType = sourcecode.swift; path = YorijoriButton.swift; sourceTree = "<group>"; };
		9CABC8512C5319C50096D384 /* RegisterFoodViewController.swift */ = {isa = PBXFileReference; lastKnownFileType = sourcecode.swift; path = RegisterFoodViewController.swift; sourceTree = "<group>"; };
		9CABC85A2C5684860096D384 /* BaseTasteTestViewController.swift */ = {isa = PBXFileReference; lastKnownFileType = sourcecode.swift; path = BaseTasteTestViewController.swift; sourceTree = "<group>"; };
		9CABC85C2C5687930096D384 /* FirstTasteTestViewController.swift */ = {isa = PBXFileReference; lastKnownFileType = sourcecode.swift; path = FirstTasteTestViewController.swift; sourceTree = "<group>"; };
		9CABC85E2C56884C0096D384 /* YorijoriFilledButton.swift */ = {isa = PBXFileReference; lastKnownFileType = sourcecode.swift; path = YorijoriFilledButton.swift; sourceTree = "<group>"; };
		9CABC8602C568B760096D384 /* SecondTasteViewController.swift */ = {isa = PBXFileReference; lastKnownFileType = sourcecode.swift; path = SecondTasteViewController.swift; sourceTree = "<group>"; };
		9CABC8622C568BBB0096D384 /* ThirdTasteTestViewController.swift */ = {isa = PBXFileReference; lastKnownFileType = sourcecode.swift; path = ThirdTasteTestViewController.swift; sourceTree = "<group>"; };
		9CABC8642C568BC50096D384 /* FourthTasteTestViewController.swift */ = {isa = PBXFileReference; lastKnownFileType = sourcecode.swift; path = FourthTasteTestViewController.swift; sourceTree = "<group>"; };
		9CABC8662C568BCF0096D384 /* FifthTasteTestViewController.swift */ = {isa = PBXFileReference; lastKnownFileType = sourcecode.swift; path = FifthTasteTestViewController.swift; sourceTree = "<group>"; };
		9CABC8682C568BD70096D384 /* SixthTasteTestViewController.swift */ = {isa = PBXFileReference; lastKnownFileType = sourcecode.swift; path = SixthTasteTestViewController.swift; sourceTree = "<group>"; };
		9CABC86A2C568BE10096D384 /* SeventhTasteTestViewController.swift */ = {isa = PBXFileReference; lastKnownFileType = sourcecode.swift; path = SeventhTasteTestViewController.swift; sourceTree = "<group>"; };
		9CABC86C2C568C030096D384 /* EighthTasteTestViewController.swift */ = {isa = PBXFileReference; lastKnownFileType = sourcecode.swift; path = EighthTasteTestViewController.swift; sourceTree = "<group>"; };
		9CABC86E2C568C1A0096D384 /* NinthTasteTestViewController.swift */ = {isa = PBXFileReference; lastKnownFileType = sourcecode.swift; path = NinthTasteTestViewController.swift; sourceTree = "<group>"; };
		9CABC8702C568C230096D384 /* LastTasteTestViewController.swift */ = {isa = PBXFileReference; lastKnownFileType = sourcecode.swift; path = LastTasteTestViewController.swift; sourceTree = "<group>"; };
		9CDF4C072C9FF389003268DD /* EmptyFoodRecordView.swift */ = {isa = PBXFileReference; lastKnownFileType = sourcecode.swift; path = EmptyFoodRecordView.swift; sourceTree = "<group>"; };
		9CDF4C092C9FFF0E003268DD /* WeeklyDietGuideCollectionViewCell.swift */ = {isa = PBXFileReference; lastKnownFileType = sourcecode.swift; path = WeeklyDietGuideCollectionViewCell.swift; sourceTree = "<group>"; };
		9CDFA7CA2C7773150040554B /* HomeRecognizeARViewController.swift */ = {isa = PBXFileReference; lastKnownFileType = sourcecode.swift; path = HomeRecognizeARViewController.swift; sourceTree = "<group>"; };
		9CDFA7CD2C777CD30040554B /* CalorieCheckWithTextView.swift */ = {isa = PBXFileReference; lastKnownFileType = sourcecode.swift; path = CalorieCheckWithTextView.swift; sourceTree = "<group>"; };
		9CDFA7CF2C78C60D0040554B /* IngredientInfoViewController.swift */ = {isa = PBXFileReference; lastKnownFileType = sourcecode.swift; path = IngredientInfoViewController.swift; sourceTree = "<group>"; };
		9CDFA7D12C78CA9A0040554B /* CalorieInfoView.swift */ = {isa = PBXFileReference; lastKnownFileType = sourcecode.swift; path = CalorieInfoView.swift; sourceTree = "<group>"; };
		9CDFA7D32C78CB910040554B /* CalorieInfoStackView.swift */ = {isa = PBXFileReference; lastKnownFileType = sourcecode.swift; path = CalorieInfoStackView.swift; sourceTree = "<group>"; };
		9CDFA7D52C7AFAFC0040554B /* IngredientsDetailInfoViewController.swift */ = {isa = PBXFileReference; lastKnownFileType = sourcecode.swift; path = IngredientsDetailInfoViewController.swift; sourceTree = "<group>"; };
		9CDFA7D72C7AFBDE0040554B /* IngredientsDetailInfoView.swift */ = {isa = PBXFileReference; lastKnownFileType = sourcecode.swift; path = IngredientsDetailInfoView.swift; sourceTree = "<group>"; };
		9CDFA7DA2C7B00340040554B /* IngredientsDetailModel.swift */ = {isa = PBXFileReference; lastKnownFileType = sourcecode.swift; path = IngredientsDetailModel.swift; sourceTree = "<group>"; };
		9CDFA7DD2C7B036A0040554B /* NutritionTableView.swift */ = {isa = PBXFileReference; lastKnownFileType = sourcecode.swift; path = NutritionTableView.swift; sourceTree = "<group>"; };
		9CDFA7DF2C7B03860040554B /* NutritionTableViewCell.swift */ = {isa = PBXFileReference; lastKnownFileType = sourcecode.swift; path = NutritionTableViewCell.swift; sourceTree = "<group>"; };
		9CDFA7E12C7B03D50040554B /* UIView+Ext.swift */ = {isa = PBXFileReference; lastKnownFileType = sourcecode.swift; path = "UIView+Ext.swift"; sourceTree = "<group>"; };
		9CDFA7E32C7B1E130040554B /* IngredientsReportViewController.swift */ = {isa = PBXFileReference; lastKnownFileType = sourcecode.swift; path = IngredientsReportViewController.swift; sourceTree = "<group>"; };
		9CDFA7E62C7B42380040554B /* WeeklyReportView.swift */ = {isa = PBXFileReference; lastKnownFileType = sourcecode.swift; path = WeeklyReportView.swift; sourceTree = "<group>"; };
		9CDFA7E92C7CB12A0040554B /* LastRegisterViewController.swift */ = {isa = PBXFileReference; lastKnownFileType = sourcecode.swift; path = LastRegisterViewController.swift; sourceTree = "<group>"; };
		9CDFA7EB2C955C970040554B /* FriendsListModel.swift */ = {isa = PBXFileReference; lastKnownFileType = sourcecode.swift; path = FriendsListModel.swift; sourceTree = "<group>"; };
		9CDFA7EE2C955D860040554B /* FriendsListTableViewCell.swift */ = {isa = PBXFileReference; lastKnownFileType = sourcecode.swift; path = FriendsListTableViewCell.swift; sourceTree = "<group>"; };
/* End PBXFileReference section */

/* Begin PBXFrameworksBuildPhase section */
		9CABC7912C38EB8C0096D384 /* Frameworks */ = {
			isa = PBXFrameworksBuildPhase;
			buildActionMask = 2147483647;
			files = (
				9C516C442C687A43000D9C1C /* Alamofire in Frameworks */,
				9CDFA7F22C957AA30040554B /* FSCalendar in Frameworks */,
				9C5FDB4F2CB00F6C0003C9A0 /* Kingfisher in Frameworks */,
				9CABC7EF2C395A060096D384 /* RxSwift in Frameworks */,
				9CABC7ED2C395A060096D384 /* RxCocoa in Frameworks */,
				9CABC7E82C392D5F0096D384 /* SnapKit in Frameworks */,
				9CABC7F82C399D410096D384 /* Then in Frameworks */,
			);
			runOnlyForDeploymentPostprocessing = 0;
		};
		9CABC7A62C38EB8E0096D384 /* Frameworks */ = {
			isa = PBXFrameworksBuildPhase;
			buildActionMask = 2147483647;
			files = (
			);
			runOnlyForDeploymentPostprocessing = 0;
		};
		9CABC7B02C38EB8E0096D384 /* Frameworks */ = {
			isa = PBXFrameworksBuildPhase;
			buildActionMask = 2147483647;
			files = (
			);
			runOnlyForDeploymentPostprocessing = 0;
		};
/* End PBXFrameworksBuildPhase section */

/* Begin PBXGroup section */
		9C516C162C57BE4F000D9C1C /* View */ = {
			isa = PBXGroup;
			children = (
				9CABC85A2C5684860096D384 /* BaseTasteTestViewController.swift */,
				9CABC85C2C5687930096D384 /* FirstTasteTestViewController.swift */,
				9CABC8602C568B760096D384 /* SecondTasteViewController.swift */,
				9CABC8622C568BBB0096D384 /* ThirdTasteTestViewController.swift */,
				9CABC8642C568BC50096D384 /* FourthTasteTestViewController.swift */,
				9CABC8662C568BCF0096D384 /* FifthTasteTestViewController.swift */,
				9CABC8682C568BD70096D384 /* SixthTasteTestViewController.swift */,
				9CABC86A2C568BE10096D384 /* SeventhTasteTestViewController.swift */,
				9CABC86C2C568C030096D384 /* EighthTasteTestViewController.swift */,
				9CABC86E2C568C1A0096D384 /* NinthTasteTestViewController.swift */,
				9CABC8702C568C230096D384 /* LastTasteTestViewController.swift */,
				9C516C1A2C57C357000D9C1C /* TasteTestResultViewController.swift */,
				9C516C332C624BC4000D9C1C /* ShareBottomSheetViewController.swift */,
			);
			path = View;
			sourceTree = "<group>";
		};
		9C516C172C57BE59000D9C1C /* ViewModel */ = {
			isa = PBXGroup;
			children = (
				9C516C182C57BE65000D9C1C /* TasteTestViewModel.swift */,
			);
			path = ViewModel;
			sourceTree = "<group>";
		};
		9C516C2A2C5E0CB4000D9C1C /* ManualAddFood */ = {
			isa = PBXGroup;
			children = (
				9C516C282C5E0907000D9C1C /* UnitSelectorView.swift */,
				9C516C262C5D16DC000D9C1C /* CounterView.swift */,
				9C516C222C5D1353000D9C1C /* ManualAddFoodViewController.swift */,
				9C516C2B2C5E0CFE000D9C1C /* ManualAddFoodViewModel.swift */,
			);
			path = ManualAddFood;
			sourceTree = "<group>";
		};
		9C516C2E2C5E1DEC000D9C1C /* Network */ = {
			isa = PBXGroup;
			children = (
				9C516C2F2C5E1DF9000D9C1C /* NetworkService.swift */,
				9C516C472C688D8B000D9C1C /* OpenAPIResponseModel.swift */,
			);
			path = Network;
			sourceTree = "<group>";
		};
		9C516C352C63A1E3000D9C1C /* RecognizeAR */ = {
			isa = PBXGroup;
			children = (
				9C516C492C689732000D9C1C /* RecipeGuide */,
				9C516C362C63A1FF000D9C1C /* RecognizeFoodARViewController.swift */,
				9C516C382C64EDC8000D9C1C /* TutorialRecognizeFoodViewController.swift */,
			);
			path = RecognizeAR;
			sourceTree = "<group>";
		};
		9C516C492C689732000D9C1C /* RecipeGuide */ = {
			isa = PBXGroup;
			children = (
				9C516C3C2C67771A000D9C1C /* RecipeGuideViewController.swift */,
				9C516C4A2C689742000D9C1C /* RecipeGuideViewModel.swift */,
			);
			path = RecipeGuide;
			sourceTree = "<group>";
		};
		9CA9B2BF2CA7D55400423287 /* Weekly */ = {
			isa = PBXGroup;
			children = (
				9CA9B2C02CA7D56400423287 /* WeeklyReportViewController.swift */,
			);
			path = Weekly;
			sourceTree = "<group>";
		};
		9CABC78B2C38EB8C0096D384 = {
			isa = PBXGroup;
			children = (
				9C516C2D2C5E1A7C000D9C1C /* Secrets.xcconfig */,
				9C5FDB5A2CB53A2A0003C9A0 /* Secrets.xcconfig */,
				9CABC7962C38EB8C0096D384 /* YoriJori */,
				9CABC7AC2C38EB8E0096D384 /* YoriJoriTests */,
				9CABC7B62C38EB8E0096D384 /* YoriJoriUITests */,
				9CABC7952C38EB8C0096D384 /* Products */,
			);
			sourceTree = "<group>";
		};
		9CABC7952C38EB8C0096D384 /* Products */ = {
			isa = PBXGroup;
			children = (
				9CABC7942C38EB8C0096D384 /* YoriJori.app */,
				9CABC7A92C38EB8E0096D384 /* YoriJoriTests.xctest */,
				9CABC7B32C38EB8E0096D384 /* YoriJoriUITests.xctest */,
			);
			name = Products;
			sourceTree = "<group>";
		};
		9CABC7962C38EB8C0096D384 /* YoriJori */ = {
			isa = PBXGroup;
			children = (
				9C5FDB562CB2C8B80003C9A0 /* light_best.mlmodel */,
				9C516C2E2C5E1DEC000D9C1C /* Network */,
				9CABC8552C553EFF0096D384 /* Common */,
				9CABC81B2C4548230096D384 /* Resources */,
				9CABC8162C4546980096D384 /* DesignSystem */,
				9CABC7D62C3918B70096D384 /* Presentation */,
				9CABC7CB2C3911690096D384 /* App */,
				9CABC7C62C3906730096D384 /* Info.plist */,
				9CABC79B2C38EB8C0096D384 /* ViewController.swift */,
				9CABC79D2C38EB8C0096D384 /* Main.storyboard */,
				9CABC7A22C38EB8D0096D384 /* LaunchScreen.storyboard */,
			);
			path = YoriJori;
			sourceTree = "<group>";
		};
		9CABC7AC2C38EB8E0096D384 /* YoriJoriTests */ = {
			isa = PBXGroup;
			children = (
				9CABC7AD2C38EB8E0096D384 /* YoriJoriTests.swift */,
			);
			path = YoriJoriTests;
			sourceTree = "<group>";
		};
		9CABC7B62C38EB8E0096D384 /* YoriJoriUITests */ = {
			isa = PBXGroup;
			children = (
				9CABC7B72C38EB8E0096D384 /* YoriJoriUITests.swift */,
				9CABC7B92C38EB8E0096D384 /* YoriJoriUITestsLaunchTests.swift */,
			);
			path = YoriJoriUITests;
			sourceTree = "<group>";
		};
		9CABC7CB2C3911690096D384 /* App */ = {
			isa = PBXGroup;
			children = (
				9CABC7C72C39070B0096D384 /* SceneDelegate.swift */,
				9CABC7972C38EB8C0096D384 /* AppDelegate.swift */,
			);
			path = App;
			sourceTree = "<group>";
		};
		9CABC7D62C3918B70096D384 /* Presentation */ = {
			isa = PBXGroup;
			children = (
				9C516C352C63A1E3000D9C1C /* RecognizeAR */,
				9CABC8592C5684730096D384 /* TasteTest */,
				9CABC8502C5319A40096D384 /* RegisterFood */,
				9CABC8312C4C01630096D384 /* MyProfile */,
				9CABC8302C4C015C0096D384 /* Community */,
				9CABC82F2C4C01570096D384 /* Home */,
				9CABC82E2C4C01500096D384 /* Report */,
				9CABC8292C4BF5D50096D384 /* TabBar */,
				9CABC7FB2C3C12240096D384 /* Register */,
				9CABC7E12C3929FB0096D384 /* RecommendFood */,
				9CABC7DE2C391F040096D384 /* Onboarding */,
				9CABC7D72C3918C40096D384 /* Login */,
			);
			path = Presentation;
			sourceTree = "<group>";
		};
		9CABC7D72C3918C40096D384 /* Login */ = {
			isa = PBXGroup;
			children = (
				9CABC7F12C399C9D0096D384 /* Model */,
				9CABC7D82C3918D30096D384 /* LoginViewController.swift */,
				9CABC7F92C399EF70096D384 /* LoginViewModel.swift */,
			);
			path = Login;
			sourceTree = "<group>";
		};
		9CABC7DE2C391F040096D384 /* Onboarding */ = {
			isa = PBXGroup;
			children = (
				9CABC7DC2C391D440096D384 /* OnboardingContainerViewController.swift */,
				9CABC7E22C392B990096D384 /* FirstOnboardingViewController.swift */,
				9CABC7E42C392BAE0096D384 /* SecondOnboardingViewController.swift */,
			);
			path = Onboarding;
			sourceTree = "<group>";
		};
		9CABC7E12C3929FB0096D384 /* RecommendFood */ = {
			isa = PBXGroup;
			children = (
				9CABC7C92C390E680096D384 /* RecommendFoodTapViewController.swift */,
				9CABC8422C4E8E090096D384 /* FoodRegisterView.swift */,
				9C516C4D2C70633C000D9C1C /* RecommendFoodViewController.swift */,
				9C5FDB4B2CB00EFE0003C9A0 /* FoodItemCell.swift */,
				9C5FDB502CB029100003C9A0 /* IngredientTableCell.swift */,
			);
			path = RecommendFood;
			sourceTree = "<group>";
		};
		9CABC7F12C399C9D0096D384 /* Model */ = {
			isa = PBXGroup;
			children = (
				9CABC7F22C399CAA0096D384 /* LoginRequestModel.swift */,
			);
			path = Model;
			sourceTree = "<group>";
		};
		9CABC7FB2C3C12240096D384 /* Register */ = {
			isa = PBXGroup;
			children = (
				9CDFA7E82C7CB0FC0040554B /* Last */,
				9CABC80E2C453FAF0096D384 /* Third */,
				9CABC80B2C3EC8030096D384 /* Second */,
				9CABC8082C3D6BBB0096D384 /* First */,
				9CABC8062C3C17DD0096D384 /* LastRegistViewController.swift */,
			);
			path = Register;
			sourceTree = "<group>";
		};
		9CABC8082C3D6BBB0096D384 /* First */ = {
			isa = PBXGroup;
			children = (
				9CABC8002C3C175D0096D384 /* FirstRegistViewController.swift */,
				9CABC8092C3D6BCF0096D384 /* FirstRegistViewModel.swift */,
			);
			path = First;
			sourceTree = "<group>";
		};
		9CABC80B2C3EC8030096D384 /* Second */ = {
			isa = PBXGroup;
			children = (
				9CABC8022C3C17B60096D384 /* SecondRegistViewController.swift */,
				9CABC80C2C453C7D0096D384 /* SecondRegistViewModel.swift */,
			);
			path = Second;
			sourceTree = "<group>";
		};
		9CABC80E2C453FAF0096D384 /* Third */ = {
			isa = PBXGroup;
			children = (
				9CABC8042C3C17CD0096D384 /* ThirdRegistViewController.swift */,
				9CABC8122C4545910096D384 /* ThirdRegistViewModel.swift */,
				9CABC8142C4546360096D384 /* UsageCategoryCell.swift */,
				9CABC8252C468EF00096D384 /* DiseaseCategoryCell.swift */,
				9CABC8272C4946120096D384 /* LifestyleHabitCategoryCell.swift */,
			);
			path = Third;
			sourceTree = "<group>";
		};
		9CABC80F2C45400A0096D384 /* Extension */ = {
			isa = PBXGroup;
			children = (
				9CABC8102C4540180096D384 /* UIScrollView+Ext.swift */,
				9CABC8192C4546D20096D384 /* UIColor+Ext.swift */,
				9CABC81F2C4548BB0096D384 /* UIFont+Ext.swift */,
				9C516C4F2C707415000D9C1C /* UILabel+Ext.swift */,
				9CDFA7E12C7B03D50040554B /* UIView+Ext.swift */,
			);
			path = Extension;
			sourceTree = "<group>";
		};
		9CABC8162C4546980096D384 /* DesignSystem */ = {
			isa = PBXGroup;
			children = (
				9CABC8172C4546A60096D384 /* DesignSystemColor.swift */,
				9CABC8212C4549120096D384 /* DesignSystemFont.swift */,
				9CABC84E2C5298910096D384 /* YorijoriButton.swift */,
				9CABC85E2C56884C0096D384 /* YorijoriFilledButton.swift */,
				9C516C242C5D1533000D9C1C /* YorijoriTextField.swift */,
			);
			path = DesignSystem;
			sourceTree = "<group>";
		};
		9CABC81B2C4548230096D384 /* Resources */ = {
			isa = PBXGroup;
			children = (
				9CDFA7CC2C777C7C0040554B /* Reusable */,
				9CABC80F2C45400A0096D384 /* Extension */,
				9CABC7992C38EB8C0096D384 /* art.scnassets */,
				9CABC7A02C38EB8D0096D384 /* Assets.xcassets */,
				9CABC81C2C4548330096D384 /* Fonts */,
			);
			path = Resources;
			sourceTree = "<group>";
		};
		9CABC81C2C4548330096D384 /* Fonts */ = {
			isa = PBXGroup;
			children = (
				9C516C312C5F5F0B000D9C1C /* SUIT-ExtraBold.otf */,
				9CABC84C2C5296210096D384 /* SUIT-Regular.otf */,
				9CABC8492C52961B0096D384 /* SUIT-Medium.otf */,
				9CABC8482C52961B0096D384 /* SUIT-SemiBold.otf */,
				9CABC8462C5296130096D384 /* SUIT-Bold.otf */,
			);
			path = Fonts;
			sourceTree = "<group>";
		};
		9CABC8292C4BF5D50096D384 /* TabBar */ = {
			isa = PBXGroup;
			children = (
				9CABC82A2C4BF5E50096D384 /* TabBarController.swift */,
			);
			path = TabBar;
			sourceTree = "<group>";
		};
		9CABC82E2C4C01500096D384 /* Report */ = {
			isa = PBXGroup;
			children = (
				9CA9B2BF2CA7D55400423287 /* Weekly */,
				9CABC8322C4C01880096D384 /* ReportViewController.swift */,
				9CDF4C072C9FF389003268DD /* EmptyFoodRecordView.swift */,
				9CDF4C092C9FFF0E003268DD /* WeeklyDietGuideCollectionViewCell.swift */,
				9CA9B2BB2CA034E000423287 /* WeeklyReportChartView.swift */,
			);
			path = Report;
			sourceTree = "<group>";
		};
		9CABC82F2C4C01570096D384 /* Home */ = {
			isa = PBXGroup;
			children = (
				9CDFA7E52C7B42170040554B /* IngredientsReport */,
				9CDFA7DC2C7B03450040554B /* IngredientsDetail */,
				9CABC8342C4C01940096D384 /* HomeViewController.swift */,
				9CDFA7CA2C7773150040554B /* HomeRecognizeARViewController.swift */,
				9CDFA7CF2C78C60D0040554B /* IngredientInfoViewController.swift */,
				9CDFA7D52C7AFAFC0040554B /* IngredientsDetailInfoViewController.swift */,
				9C5FDB542CB2C5960003C9A0 /* VisionDetectViewController.swift */,
			);
			path = Home;
			sourceTree = "<group>";
		};
		9CABC8302C4C015C0096D384 /* Community */ = {
			isa = PBXGroup;
			children = (
				9CDFA7ED2C955D620040554B /* FriendsList */,
				9CABC8362C4C019F0096D384 /* CommunityViewController.swift */,
			);
			path = Community;
			sourceTree = "<group>";
		};
		9CABC8312C4C01630096D384 /* MyProfile */ = {
			isa = PBXGroup;
			children = (
				9CABC8382C4C01AA0096D384 /* MyProfileViewController.swift */,
			);
			path = MyProfile;
			sourceTree = "<group>";
		};
		9CABC8502C5319A40096D384 /* RegisterFood */ = {
			isa = PBXGroup;
			children = (
				9C516C2A2C5E0CB4000D9C1C /* ManualAddFood */,
				9CABC8512C5319C50096D384 /* RegisterFoodViewController.swift */,
				9C516C1E2C5BB566000D9C1C /* AddFoodBottomSheetViewController.swift */,
			);
			path = RegisterFood;
			sourceTree = "<group>";
		};
		9CABC8552C553EFF0096D384 /* Common */ = {
			isa = PBXGroup;
			children = (
				9CABC7D22C39152B0096D384 /* UserDefaultsManager.swift */,
				9C516C452C687D06000D9C1C /* LoadingIndicator.swift */,
			);
			path = Common;
			sourceTree = "<group>";
		};
		9CABC8592C5684730096D384 /* TasteTest */ = {
			isa = PBXGroup;
			children = (
				9C516C172C57BE59000D9C1C /* ViewModel */,
				9C516C162C57BE4F000D9C1C /* View */,
			);
			path = TasteTest;
			sourceTree = "<group>";
		};
		9CDFA7CC2C777C7C0040554B /* Reusable */ = {
			isa = PBXGroup;
			children = (
				9CDFA7CD2C777CD30040554B /* CalorieCheckWithTextView.swift */,
				9CDFA7D12C78CA9A0040554B /* CalorieInfoView.swift */,
				9CDFA7D32C78CB910040554B /* CalorieInfoStackView.swift */,
				9CDFA7D72C7AFBDE0040554B /* IngredientsDetailInfoView.swift */,
			);
			path = Reusable;
			sourceTree = "<group>";
		};
		9CDFA7D92C7B00200040554B /* Model */ = {
			isa = PBXGroup;
			children = (
				9CDFA7DA2C7B00340040554B /* IngredientsDetailModel.swift */,
			);
			path = Model;
			sourceTree = "<group>";
		};
		9CDFA7DC2C7B03450040554B /* IngredientsDetail */ = {
			isa = PBXGroup;
			children = (
				9CDFA7D92C7B00200040554B /* Model */,
				9CDFA7DD2C7B036A0040554B /* NutritionTableView.swift */,
				9CDFA7DF2C7B03860040554B /* NutritionTableViewCell.swift */,
			);
			path = IngredientsDetail;
			sourceTree = "<group>";
		};
		9CDFA7E52C7B42170040554B /* IngredientsReport */ = {
			isa = PBXGroup;
			children = (
				9CDFA7E32C7B1E130040554B /* IngredientsReportViewController.swift */,
				9CDFA7E62C7B42380040554B /* WeeklyReportView.swift */,
			);
			path = IngredientsReport;
			sourceTree = "<group>";
		};
		9CDFA7E82C7CB0FC0040554B /* Last */ = {
			isa = PBXGroup;
			children = (
				9CDFA7E92C7CB12A0040554B /* LastRegisterViewController.swift */,
			);
			path = Last;
			sourceTree = "<group>";
		};
		9CDFA7ED2C955D620040554B /* FriendsList */ = {
			isa = PBXGroup;
			children = (
				9CDFA7EB2C955C970040554B /* FriendsListModel.swift */,
				9CDFA7EE2C955D860040554B /* FriendsListTableViewCell.swift */,
			);
			path = FriendsList;
			sourceTree = "<group>";
		};
/* End PBXGroup section */

/* Begin PBXNativeTarget section */
		9CABC7932C38EB8C0096D384 /* YoriJori */ = {
			isa = PBXNativeTarget;
			buildConfigurationList = 9CABC7BD2C38EB8E0096D384 /* Build configuration list for PBXNativeTarget "YoriJori" */;
			buildPhases = (
				9CABC7902C38EB8C0096D384 /* Sources */,
				9CABC7912C38EB8C0096D384 /* Frameworks */,
				9CABC7922C38EB8C0096D384 /* Resources */,
			);
			buildRules = (
			);
			dependencies = (
			);
			name = YoriJori;
			packageProductDependencies = (
				9CABC7E72C392D5F0096D384 /* SnapKit */,
				9CABC7EC2C395A060096D384 /* RxCocoa */,
				9CABC7EE2C395A060096D384 /* RxSwift */,
				9CABC7F72C399D410096D384 /* Then */,
				9C516C432C687A43000D9C1C /* Alamofire */,
				9CDFA7F12C957AA30040554B /* FSCalendar */,
				9C5FDB4E2CB00F6C0003C9A0 /* Kingfisher */,
			);
			productName = YoriJori;
			productReference = 9CABC7942C38EB8C0096D384 /* YoriJori.app */;
			productType = "com.apple.product-type.application";
		};
		9CABC7A82C38EB8E0096D384 /* YoriJoriTests */ = {
			isa = PBXNativeTarget;
			buildConfigurationList = 9CABC7C02C38EB8E0096D384 /* Build configuration list for PBXNativeTarget "YoriJoriTests" */;
			buildPhases = (
				9CABC7A52C38EB8E0096D384 /* Sources */,
				9CABC7A62C38EB8E0096D384 /* Frameworks */,
				9CABC7A72C38EB8E0096D384 /* Resources */,
			);
			buildRules = (
			);
			dependencies = (
				9CABC7AB2C38EB8E0096D384 /* PBXTargetDependency */,
			);
			name = YoriJoriTests;
			productName = YoriJoriTests;
			productReference = 9CABC7A92C38EB8E0096D384 /* YoriJoriTests.xctest */;
			productType = "com.apple.product-type.bundle.unit-test";
		};
		9CABC7B22C38EB8E0096D384 /* YoriJoriUITests */ = {
			isa = PBXNativeTarget;
			buildConfigurationList = 9CABC7C32C38EB8E0096D384 /* Build configuration list for PBXNativeTarget "YoriJoriUITests" */;
			buildPhases = (
				9CABC7AF2C38EB8E0096D384 /* Sources */,
				9CABC7B02C38EB8E0096D384 /* Frameworks */,
				9CABC7B12C38EB8E0096D384 /* Resources */,
			);
			buildRules = (
			);
			dependencies = (
				9CABC7B52C38EB8E0096D384 /* PBXTargetDependency */,
			);
			name = YoriJoriUITests;
			productName = YoriJoriUITests;
			productReference = 9CABC7B32C38EB8E0096D384 /* YoriJoriUITests.xctest */;
			productType = "com.apple.product-type.bundle.ui-testing";
		};
/* End PBXNativeTarget section */

/* Begin PBXProject section */
		9CABC78C2C38EB8C0096D384 /* Project object */ = {
			isa = PBXProject;
			attributes = {
				BuildIndependentTargetsInParallel = 1;
				LastSwiftUpdateCheck = 1540;
				LastUpgradeCheck = 1540;
				TargetAttributes = {
					9CABC7932C38EB8C0096D384 = {
						CreatedOnToolsVersion = 15.4;
					};
					9CABC7A82C38EB8E0096D384 = {
						CreatedOnToolsVersion = 15.4;
						TestTargetID = 9CABC7932C38EB8C0096D384;
					};
					9CABC7B22C38EB8E0096D384 = {
						CreatedOnToolsVersion = 15.4;
						TestTargetID = 9CABC7932C38EB8C0096D384;
					};
				};
			};
			buildConfigurationList = 9CABC78F2C38EB8C0096D384 /* Build configuration list for PBXProject "YoriJori" */;
			compatibilityVersion = "Xcode 14.0";
			developmentRegion = en;
			hasScannedForEncodings = 0;
			knownRegions = (
				en,
				Base,
			);
			mainGroup = 9CABC78B2C38EB8C0096D384;
			packageReferences = (
				9CABC7E62C392D5F0096D384 /* XCRemoteSwiftPackageReference "SnapKit" */,
				9CABC7EB2C395A060096D384 /* XCRemoteSwiftPackageReference "RxSwift" */,
				9CABC7F62C399D410096D384 /* XCRemoteSwiftPackageReference "Then" */,
				9C516C422C687A43000D9C1C /* XCRemoteSwiftPackageReference "Alamofire" */,
				9CDFA7F02C957AA30040554B /* XCRemoteSwiftPackageReference "FSCalendar" */,
				9C5FDB4D2CB00F6C0003C9A0 /* XCRemoteSwiftPackageReference "Kingfisher" */,
			);
			productRefGroup = 9CABC7952C38EB8C0096D384 /* Products */;
			projectDirPath = "";
			projectRoot = "";
			targets = (
				9CABC7932C38EB8C0096D384 /* YoriJori */,
				9CABC7A82C38EB8E0096D384 /* YoriJoriTests */,
				9CABC7B22C38EB8E0096D384 /* YoriJoriUITests */,
			);
		};
/* End PBXProject section */

/* Begin PBXResourcesBuildPhase section */
		9CABC7922C38EB8C0096D384 /* Resources */ = {
			isa = PBXResourcesBuildPhase;
			buildActionMask = 2147483647;
			files = (
				9CABC79A2C38EB8C0096D384 /* art.scnassets in Resources */,
				9C516C322C5F5F0B000D9C1C /* SUIT-ExtraBold.otf in Resources */,
				9CABC7A12C38EB8D0096D384 /* Assets.xcassets in Resources */,
				9CABC84B2C52961B0096D384 /* SUIT-Medium.otf in Resources */,
				9CABC84D2C5296210096D384 /* SUIT-Regular.otf in Resources */,
				9CABC8472C5296130096D384 /* SUIT-Bold.otf in Resources */,
				9C5FDB5B2CB53A2A0003C9A0 /* Secrets.xcconfig in Resources */,
				9CABC84A2C52961B0096D384 /* SUIT-SemiBold.otf in Resources */,
				9CABC79F2C38EB8C0096D384 /* Base in Resources */,
				9CABC7A42C38EB8D0096D384 /* Base in Resources */,
			);
			runOnlyForDeploymentPostprocessing = 0;
		};
		9CABC7A72C38EB8E0096D384 /* Resources */ = {
			isa = PBXResourcesBuildPhase;
			buildActionMask = 2147483647;
			files = (
			);
			runOnlyForDeploymentPostprocessing = 0;
		};
		9CABC7B12C38EB8E0096D384 /* Resources */ = {
			isa = PBXResourcesBuildPhase;
			buildActionMask = 2147483647;
			files = (
			);
			runOnlyForDeploymentPostprocessing = 0;
		};
/* End PBXResourcesBuildPhase section */

/* Begin PBXSourcesBuildPhase section */
		9CABC7902C38EB8C0096D384 /* Sources */ = {
			isa = PBXSourcesBuildPhase;
			buildActionMask = 2147483647;
			files = (
				9C516C192C57BE65000D9C1C /* TasteTestViewModel.swift in Sources */,
				9CABC80D2C453C7D0096D384 /* SecondRegistViewModel.swift in Sources */,
				9CABC8052C3C17CD0096D384 /* ThirdRegistViewController.swift in Sources */,
				9CABC8262C468EF00096D384 /* DiseaseCategoryCell.swift in Sources */,
				9CABC86D2C568C030096D384 /* EighthTasteTestViewController.swift in Sources */,
				9CABC8202C4548BB0096D384 /* UIFont+Ext.swift in Sources */,
				9CDFA7E02C7B03860040554B /* NutritionTableViewCell.swift in Sources */,
				9CA9B2C12CA7D56400423287 /* WeeklyReportViewController.swift in Sources */,
				9C516C502C707415000D9C1C /* UILabel+Ext.swift in Sources */,
				9CABC8282C4946120096D384 /* LifestyleHabitCategoryCell.swift in Sources */,
				9CABC8132C4545910096D384 /* ThirdRegistViewModel.swift in Sources */,
				9CABC7D92C3918D30096D384 /* LoginViewController.swift in Sources */,
				9C516C482C688D8B000D9C1C /* OpenAPIResponseModel.swift in Sources */,
				9CABC86F2C568C1A0096D384 /* NinthTasteTestViewController.swift in Sources */,
				9C516C392C64EDC8000D9C1C /* TutorialRecognizeFoodViewController.swift in Sources */,
				9CDFA7D02C78C60D0040554B /* IngredientInfoViewController.swift in Sources */,
				9CABC8112C4540180096D384 /* UIScrollView+Ext.swift in Sources */,
				9CDFA7EA2C7CB12A0040554B /* LastRegisterViewController.swift in Sources */,
				9CABC86B2C568BE10096D384 /* SeventhTasteTestViewController.swift in Sources */,
				9C516C372C63A1FF000D9C1C /* RecognizeFoodARViewController.swift in Sources */,
				9CABC79C2C38EB8C0096D384 /* ViewController.swift in Sources */,
				9CDFA7D22C78CA9A0040554B /* CalorieInfoView.swift in Sources */,
				9CABC85D2C5687930096D384 /* FirstTasteTestViewController.swift in Sources */,
				9C5FDB512CB029100003C9A0 /* IngredientTableCell.swift in Sources */,
				9C516C4E2C70633C000D9C1C /* RecommendFoodViewController.swift in Sources */,
				9CABC7982C38EB8C0096D384 /* AppDelegate.swift in Sources */,
				9CABC8392C4C01AA0096D384 /* MyProfileViewController.swift in Sources */,
				9CABC8712C568C230096D384 /* LastTasteTestViewController.swift in Sources */,
				9C516C2C2C5E0CFE000D9C1C /* ManualAddFoodViewModel.swift in Sources */,
				9C5FDB4C2CB00EFE0003C9A0 /* FoodItemCell.swift in Sources */,
				9CABC7D32C39152B0096D384 /* UserDefaultsManager.swift in Sources */,
				9CABC8332C4C01880096D384 /* ReportViewController.swift in Sources */,
				9CABC8222C4549120096D384 /* DesignSystemFont.swift in Sources */,
				9CABC8522C5319C50096D384 /* RegisterFoodViewController.swift in Sources */,
				9CABC7F32C399CAA0096D384 /* LoginRequestModel.swift in Sources */,
				9C516C272C5D16DC000D9C1C /* CounterView.swift in Sources */,
				9CABC8152C4546360096D384 /* UsageCategoryCell.swift in Sources */,
				9CDFA7EC2C955C970040554B /* FriendsListModel.swift in Sources */,
				9CA9B2BC2CA034E000423287 /* WeeklyReportChartView.swift in Sources */,
				9CDF4C082C9FF389003268DD /* EmptyFoodRecordView.swift in Sources */,
				9C516C3D2C67771A000D9C1C /* RecipeGuideViewController.swift in Sources */,
				9CABC7E32C392B990096D384 /* FirstOnboardingViewController.swift in Sources */,
				9CABC7C82C39070B0096D384 /* SceneDelegate.swift in Sources */,
				9CABC8432C4E8E090096D384 /* FoodRegisterView.swift in Sources */,
				9CABC8652C568BC50096D384 /* FourthTasteTestViewController.swift in Sources */,
				9CDFA7D82C7AFBDE0040554B /* IngredientsDetailInfoView.swift in Sources */,
				9CDFA7D42C78CB910040554B /* CalorieInfoStackView.swift in Sources */,
				9CDFA7D62C7AFAFC0040554B /* IngredientsDetailInfoViewController.swift in Sources */,
				9CABC8612C568B760096D384 /* SecondTasteViewController.swift in Sources */,
				9CABC8072C3C17DD0096D384 /* LastRegistViewController.swift in Sources */,
				9CDFA7E42C7B1E130040554B /* IngredientsReportViewController.swift in Sources */,
				9CABC8632C568BBB0096D384 /* ThirdTasteTestViewController.swift in Sources */,
				9CABC7FA2C399EF70096D384 /* LoginViewModel.swift in Sources */,
				9C516C302C5E1DF9000D9C1C /* NetworkService.swift in Sources */,
				9CABC8372C4C019F0096D384 /* CommunityViewController.swift in Sources */,
				9CABC8352C4C01940096D384 /* HomeViewController.swift in Sources */,
				9CDFA7EF2C955D860040554B /* FriendsListTableViewCell.swift in Sources */,
				9CDFA7E72C7B42380040554B /* WeeklyReportView.swift in Sources */,
				9CABC8012C3C175D0096D384 /* FirstRegistViewController.swift in Sources */,
				9CABC80A2C3D6BCF0096D384 /* FirstRegistViewModel.swift in Sources */,
				9CDF4C0A2C9FFF0E003268DD /* WeeklyDietGuideCollectionViewCell.swift in Sources */,
				9CABC8692C568BD70096D384 /* SixthTasteTestViewController.swift in Sources */,
				9C516C1F2C5BB566000D9C1C /* AddFoodBottomSheetViewController.swift in Sources */,
				9C516C292C5E0907000D9C1C /* UnitSelectorView.swift in Sources */,
				9C516C232C5D1353000D9C1C /* ManualAddFoodViewController.swift in Sources */,
				9CABC82B2C4BF5E50096D384 /* TabBarController.swift in Sources */,
				9CABC81A2C4546D20096D384 /* UIColor+Ext.swift in Sources */,
				9CABC7CA2C390E680096D384 /* RecommendFoodTapViewController.swift in Sources */,
				9C516C252C5D1533000D9C1C /* YorijoriTextField.swift in Sources */,
				9CABC8032C3C17B60096D384 /* SecondRegistViewController.swift in Sources */,
				9C516C342C624BC4000D9C1C /* ShareBottomSheetViewController.swift in Sources */,
				9CABC7E52C392BAE0096D384 /* SecondOnboardingViewController.swift in Sources */,
				9CDFA7CB2C7773150040554B /* HomeRecognizeARViewController.swift in Sources */,
				9CDFA7E22C7B03D50040554B /* UIView+Ext.swift in Sources */,
				9CABC8182C4546A60096D384 /* DesignSystemColor.swift in Sources */,
				9CDFA7DE2C7B036A0040554B /* NutritionTableView.swift in Sources */,
				9C516C462C687D06000D9C1C /* LoadingIndicator.swift in Sources */,
				9C5FDB572CB2C8B80003C9A0 /* light_best.mlmodel in Sources */,
				9CDFA7DB2C7B00340040554B /* IngredientsDetailModel.swift in Sources */,
				9CABC85B2C5684860096D384 /* BaseTasteTestViewController.swift in Sources */,
				9CABC7DD2C391D440096D384 /* OnboardingContainerViewController.swift in Sources */,
				9C516C1B2C57C357000D9C1C /* TasteTestResultViewController.swift in Sources */,
				9CABC85F2C56884C0096D384 /* YorijoriFilledButton.swift in Sources */,
				9CDFA7CE2C777CD30040554B /* CalorieCheckWithTextView.swift in Sources */,
				9CABC8672C568BCF0096D384 /* FifthTasteTestViewController.swift in Sources */,
				9CABC84F2C5298910096D384 /* YorijoriButton.swift in Sources */,
				9C516C4B2C689742000D9C1C /* RecipeGuideViewModel.swift in Sources */,
				9C5FDB552CB2C5960003C9A0 /* VisionDetectViewController.swift in Sources */,
			);
			runOnlyForDeploymentPostprocessing = 0;
		};
		9CABC7A52C38EB8E0096D384 /* Sources */ = {
			isa = PBXSourcesBuildPhase;
			buildActionMask = 2147483647;
			files = (
				9CABC7AE2C38EB8E0096D384 /* YoriJoriTests.swift in Sources */,
			);
			runOnlyForDeploymentPostprocessing = 0;
		};
		9CABC7AF2C38EB8E0096D384 /* Sources */ = {
			isa = PBXSourcesBuildPhase;
			buildActionMask = 2147483647;
			files = (
				9CABC7BA2C38EB8E0096D384 /* YoriJoriUITestsLaunchTests.swift in Sources */,
				9CABC7B82C38EB8E0096D384 /* YoriJoriUITests.swift in Sources */,
			);
			runOnlyForDeploymentPostprocessing = 0;
		};
/* End PBXSourcesBuildPhase section */

/* Begin PBXTargetDependency section */
		9CABC7AB2C38EB8E0096D384 /* PBXTargetDependency */ = {
			isa = PBXTargetDependency;
			target = 9CABC7932C38EB8C0096D384 /* YoriJori */;
			targetProxy = 9CABC7AA2C38EB8E0096D384 /* PBXContainerItemProxy */;
		};
		9CABC7B52C38EB8E0096D384 /* PBXTargetDependency */ = {
			isa = PBXTargetDependency;
			target = 9CABC7932C38EB8C0096D384 /* YoriJori */;
			targetProxy = 9CABC7B42C38EB8E0096D384 /* PBXContainerItemProxy */;
		};
/* End PBXTargetDependency section */

/* Begin PBXVariantGroup section */
		9CABC79D2C38EB8C0096D384 /* Main.storyboard */ = {
			isa = PBXVariantGroup;
			children = (
				9CABC79E2C38EB8C0096D384 /* Base */,
			);
			name = Main.storyboard;
			sourceTree = "<group>";
		};
		9CABC7A22C38EB8D0096D384 /* LaunchScreen.storyboard */ = {
			isa = PBXVariantGroup;
			children = (
				9CABC7A32C38EB8D0096D384 /* Base */,
			);
			name = LaunchScreen.storyboard;
			sourceTree = "<group>";
		};
/* End PBXVariantGroup section */

/* Begin XCBuildConfiguration section */
		9CABC7BB2C38EB8E0096D384 /* Debug */ = {
			isa = XCBuildConfiguration;
			buildSettings = {
				ALWAYS_SEARCH_USER_PATHS = NO;
				ASSETCATALOG_COMPILER_GENERATE_SWIFT_ASSET_SYMBOL_EXTENSIONS = YES;
				CLANG_ANALYZER_NONNULL = YES;
				CLANG_ANALYZER_NUMBER_OBJECT_CONVERSION = YES_AGGRESSIVE;
				CLANG_CXX_LANGUAGE_STANDARD = "gnu++20";
				CLANG_ENABLE_MODULES = YES;
				CLANG_ENABLE_OBJC_ARC = YES;
				CLANG_ENABLE_OBJC_WEAK = YES;
				CLANG_WARN_BLOCK_CAPTURE_AUTORELEASING = YES;
				CLANG_WARN_BOOL_CONVERSION = YES;
				CLANG_WARN_COMMA = YES;
				CLANG_WARN_CONSTANT_CONVERSION = YES;
				CLANG_WARN_DEPRECATED_OBJC_IMPLEMENTATIONS = YES;
				CLANG_WARN_DIRECT_OBJC_ISA_USAGE = YES_ERROR;
				CLANG_WARN_DOCUMENTATION_COMMENTS = YES;
				CLANG_WARN_EMPTY_BODY = YES;
				CLANG_WARN_ENUM_CONVERSION = YES;
				CLANG_WARN_INFINITE_RECURSION = YES;
				CLANG_WARN_INT_CONVERSION = YES;
				CLANG_WARN_NON_LITERAL_NULL_CONVERSION = YES;
				CLANG_WARN_OBJC_IMPLICIT_RETAIN_SELF = YES;
				CLANG_WARN_OBJC_LITERAL_CONVERSION = YES;
				CLANG_WARN_OBJC_ROOT_CLASS = YES_ERROR;
				CLANG_WARN_QUOTED_INCLUDE_IN_FRAMEWORK_HEADER = YES;
				CLANG_WARN_RANGE_LOOP_ANALYSIS = YES;
				CLANG_WARN_STRICT_PROTOTYPES = YES;
				CLANG_WARN_SUSPICIOUS_MOVE = YES;
				CLANG_WARN_UNGUARDED_AVAILABILITY = YES_AGGRESSIVE;
				CLANG_WARN_UNREACHABLE_CODE = YES;
				CLANG_WARN__DUPLICATE_METHOD_MATCH = YES;
				COPY_PHASE_STRIP = NO;
				DEBUG_INFORMATION_FORMAT = dwarf;
				ENABLE_STRICT_OBJC_MSGSEND = YES;
				ENABLE_TESTABILITY = YES;
				ENABLE_USER_SCRIPT_SANDBOXING = YES;
				GCC_C_LANGUAGE_STANDARD = gnu17;
				GCC_DYNAMIC_NO_PIC = NO;
				GCC_NO_COMMON_BLOCKS = YES;
				GCC_OPTIMIZATION_LEVEL = 0;
				GCC_PREPROCESSOR_DEFINITIONS = (
					"DEBUG=1",
					"$(inherited)",
				);
				GCC_WARN_64_TO_32_BIT_CONVERSION = YES;
				GCC_WARN_ABOUT_RETURN_TYPE = YES_ERROR;
				GCC_WARN_UNDECLARED_SELECTOR = YES;
				GCC_WARN_UNINITIALIZED_AUTOS = YES_AGGRESSIVE;
				GCC_WARN_UNUSED_FUNCTION = YES;
				GCC_WARN_UNUSED_VARIABLE = YES;
				IPHONEOS_DEPLOYMENT_TARGET = 17.5;
				LOCALIZATION_PREFERS_STRING_CATALOGS = YES;
				MTL_ENABLE_DEBUG_INFO = INCLUDE_SOURCE;
				MTL_FAST_MATH = YES;
				ONLY_ACTIVE_ARCH = YES;
				SDKROOT = iphoneos;
				SWIFT_ACTIVE_COMPILATION_CONDITIONS = "DEBUG $(inherited)";
				SWIFT_OPTIMIZATION_LEVEL = "-Onone";
			};
			name = Debug;
		};
		9CABC7BC2C38EB8E0096D384 /* Release */ = {
			isa = XCBuildConfiguration;
			buildSettings = {
				ALWAYS_SEARCH_USER_PATHS = NO;
				ASSETCATALOG_COMPILER_GENERATE_SWIFT_ASSET_SYMBOL_EXTENSIONS = YES;
				CLANG_ANALYZER_NONNULL = YES;
				CLANG_ANALYZER_NUMBER_OBJECT_CONVERSION = YES_AGGRESSIVE;
				CLANG_CXX_LANGUAGE_STANDARD = "gnu++20";
				CLANG_ENABLE_MODULES = YES;
				CLANG_ENABLE_OBJC_ARC = YES;
				CLANG_ENABLE_OBJC_WEAK = YES;
				CLANG_WARN_BLOCK_CAPTURE_AUTORELEASING = YES;
				CLANG_WARN_BOOL_CONVERSION = YES;
				CLANG_WARN_COMMA = YES;
				CLANG_WARN_CONSTANT_CONVERSION = YES;
				CLANG_WARN_DEPRECATED_OBJC_IMPLEMENTATIONS = YES;
				CLANG_WARN_DIRECT_OBJC_ISA_USAGE = YES_ERROR;
				CLANG_WARN_DOCUMENTATION_COMMENTS = YES;
				CLANG_WARN_EMPTY_BODY = YES;
				CLANG_WARN_ENUM_CONVERSION = YES;
				CLANG_WARN_INFINITE_RECURSION = YES;
				CLANG_WARN_INT_CONVERSION = YES;
				CLANG_WARN_NON_LITERAL_NULL_CONVERSION = YES;
				CLANG_WARN_OBJC_IMPLICIT_RETAIN_SELF = YES;
				CLANG_WARN_OBJC_LITERAL_CONVERSION = YES;
				CLANG_WARN_OBJC_ROOT_CLASS = YES_ERROR;
				CLANG_WARN_QUOTED_INCLUDE_IN_FRAMEWORK_HEADER = YES;
				CLANG_WARN_RANGE_LOOP_ANALYSIS = YES;
				CLANG_WARN_STRICT_PROTOTYPES = YES;
				CLANG_WARN_SUSPICIOUS_MOVE = YES;
				CLANG_WARN_UNGUARDED_AVAILABILITY = YES_AGGRESSIVE;
				CLANG_WARN_UNREACHABLE_CODE = YES;
				CLANG_WARN__DUPLICATE_METHOD_MATCH = YES;
				COPY_PHASE_STRIP = NO;
				DEBUG_INFORMATION_FORMAT = "dwarf-with-dsym";
				ENABLE_NS_ASSERTIONS = NO;
				ENABLE_STRICT_OBJC_MSGSEND = YES;
				ENABLE_USER_SCRIPT_SANDBOXING = YES;
				GCC_C_LANGUAGE_STANDARD = gnu17;
				GCC_NO_COMMON_BLOCKS = YES;
				GCC_WARN_64_TO_32_BIT_CONVERSION = YES;
				GCC_WARN_ABOUT_RETURN_TYPE = YES_ERROR;
				GCC_WARN_UNDECLARED_SELECTOR = YES;
				GCC_WARN_UNINITIALIZED_AUTOS = YES_AGGRESSIVE;
				GCC_WARN_UNUSED_FUNCTION = YES;
				GCC_WARN_UNUSED_VARIABLE = YES;
				IPHONEOS_DEPLOYMENT_TARGET = 17.5;
				LOCALIZATION_PREFERS_STRING_CATALOGS = YES;
				MTL_ENABLE_DEBUG_INFO = NO;
				MTL_FAST_MATH = YES;
				SDKROOT = iphoneos;
				SWIFT_COMPILATION_MODE = wholemodule;
				VALIDATE_PRODUCT = YES;
			};
			name = Release;
		};
		9CABC7BE2C38EB8E0096D384 /* Debug */ = {
			isa = XCBuildConfiguration;
			baseConfigurationReference = 9C516C2D2C5E1A7C000D9C1C /* Secrets.xcconfig */;
			buildSettings = {
				ASSETCATALOG_COMPILER_APPICON_NAME = AppIcon;
				ASSETCATALOG_COMPILER_GLOBAL_ACCENT_COLOR_NAME = AccentColor;
				CODE_SIGN_STYLE = Automatic;
				CURRENT_PROJECT_VERSION = 1;
				DEVELOPMENT_TEAM = YL7ZX6U88Y;
				GENERATE_INFOPLIST_FILE = YES;
				INFOPLIST_FILE = YoriJori/Info.plist;
				INFOPLIST_KEY_CFBundleDisplayName = "요리조리";
				INFOPLIST_KEY_NSCameraUsageDescription = "";
				INFOPLIST_KEY_UIApplicationSupportsIndirectInputEvents = YES;
				INFOPLIST_KEY_UILaunchStoryboardName = LaunchScreen;
				INFOPLIST_KEY_UIMainStoryboardFile = Main;
				INFOPLIST_KEY_UIRequiredDeviceCapabilities = arkit;
				INFOPLIST_KEY_UIStatusBarHidden = YES;
				INFOPLIST_KEY_UISupportedInterfaceOrientations_iPad = "UIInterfaceOrientationPortrait UIInterfaceOrientationPortraitUpsideDown UIInterfaceOrientationLandscapeLeft UIInterfaceOrientationLandscapeRight";
				INFOPLIST_KEY_UISupportedInterfaceOrientations_iPhone = "UIInterfaceOrientationPortrait UIInterfaceOrientationLandscapeLeft UIInterfaceOrientationLandscapeRight";
				IPHONEOS_DEPLOYMENT_TARGET = 16.0;
				LD_RUNPATH_SEARCH_PATHS = (
					"$(inherited)",
					"@executable_path/Frameworks",
				);
				MARKETING_VERSION = 1.0;
				PRODUCT_BUNDLE_IDENTIFIER = com.team.YoriJori;
				PRODUCT_NAME = "$(TARGET_NAME)";
				SUPPORTED_PLATFORMS = "iphoneos iphonesimulator xros xrsimulator";
				SUPPORTS_MACCATALYST = NO;
				SUPPORTS_XR_DESIGNED_FOR_IPHONE_IPAD = NO;
				SWIFT_EMIT_LOC_STRINGS = YES;
				SWIFT_VERSION = 5.0;
				TARGETED_DEVICE_FAMILY = "1,7";
			};
			name = Debug;
		};
		9CABC7BF2C38EB8E0096D384 /* Release */ = {
			isa = XCBuildConfiguration;
			baseConfigurationReference = 9C516C2D2C5E1A7C000D9C1C /* Secrets.xcconfig */;
			buildSettings = {
				ASSETCATALOG_COMPILER_APPICON_NAME = AppIcon;
				ASSETCATALOG_COMPILER_GLOBAL_ACCENT_COLOR_NAME = AccentColor;
				CODE_SIGN_STYLE = Automatic;
				CURRENT_PROJECT_VERSION = 1;
				DEVELOPMENT_TEAM = YL7ZX6U88Y;
				GENERATE_INFOPLIST_FILE = YES;
				INFOPLIST_FILE = YoriJori/Info.plist;
				INFOPLIST_KEY_CFBundleDisplayName = "요리조리";
				INFOPLIST_KEY_NSCameraUsageDescription = "";
				INFOPLIST_KEY_UIApplicationSupportsIndirectInputEvents = YES;
				INFOPLIST_KEY_UILaunchStoryboardName = LaunchScreen;
				INFOPLIST_KEY_UIMainStoryboardFile = Main;
				INFOPLIST_KEY_UIRequiredDeviceCapabilities = arkit;
				INFOPLIST_KEY_UIStatusBarHidden = YES;
				INFOPLIST_KEY_UISupportedInterfaceOrientations_iPad = "UIInterfaceOrientationPortrait UIInterfaceOrientationPortraitUpsideDown UIInterfaceOrientationLandscapeLeft UIInterfaceOrientationLandscapeRight";
				INFOPLIST_KEY_UISupportedInterfaceOrientations_iPhone = "UIInterfaceOrientationPortrait UIInterfaceOrientationLandscapeLeft UIInterfaceOrientationLandscapeRight";
				IPHONEOS_DEPLOYMENT_TARGET = 16.0;
				LD_RUNPATH_SEARCH_PATHS = (
					"$(inherited)",
					"@executable_path/Frameworks",
				);
				MARKETING_VERSION = 1.0;
				PRODUCT_BUNDLE_IDENTIFIER = com.team.YoriJori;
				PRODUCT_NAME = "$(TARGET_NAME)";
				SUPPORTED_PLATFORMS = "iphoneos iphonesimulator xros xrsimulator";
				SUPPORTS_MACCATALYST = NO;
				SUPPORTS_XR_DESIGNED_FOR_IPHONE_IPAD = NO;
				SWIFT_EMIT_LOC_STRINGS = YES;
				SWIFT_VERSION = 5.0;
				TARGETED_DEVICE_FAMILY = "1,7";
			};
			name = Release;
		};
		9CABC7C12C38EB8E0096D384 /* Debug */ = {
			isa = XCBuildConfiguration;
			buildSettings = {
				ALWAYS_EMBED_SWIFT_STANDARD_LIBRARIES = YES;
				BUNDLE_LOADER = "$(TEST_HOST)";
				CODE_SIGN_STYLE = Automatic;
				CURRENT_PROJECT_VERSION = 1;
				DEVELOPMENT_TEAM = YL7ZX6U88Y;
				GENERATE_INFOPLIST_FILE = YES;
				IPHONEOS_DEPLOYMENT_TARGET = 17.5;
				MARKETING_VERSION = 1.0;
				PRODUCT_BUNDLE_IDENTIFIER = com.team.YoriJoriTests;
				PRODUCT_NAME = "$(TARGET_NAME)";
				SWIFT_EMIT_LOC_STRINGS = NO;
				SWIFT_VERSION = 5.0;
				TARGETED_DEVICE_FAMILY = "1,2";
				TEST_HOST = "$(BUILT_PRODUCTS_DIR)/YoriJori.app/$(BUNDLE_EXECUTABLE_FOLDER_PATH)/YoriJori";
			};
			name = Debug;
		};
		9CABC7C22C38EB8E0096D384 /* Release */ = {
			isa = XCBuildConfiguration;
			buildSettings = {
				ALWAYS_EMBED_SWIFT_STANDARD_LIBRARIES = YES;
				BUNDLE_LOADER = "$(TEST_HOST)";
				CODE_SIGN_STYLE = Automatic;
				CURRENT_PROJECT_VERSION = 1;
				DEVELOPMENT_TEAM = YL7ZX6U88Y;
				GENERATE_INFOPLIST_FILE = YES;
				IPHONEOS_DEPLOYMENT_TARGET = 17.5;
				MARKETING_VERSION = 1.0;
				PRODUCT_BUNDLE_IDENTIFIER = com.team.YoriJoriTests;
				PRODUCT_NAME = "$(TARGET_NAME)";
				SWIFT_EMIT_LOC_STRINGS = NO;
				SWIFT_VERSION = 5.0;
				TARGETED_DEVICE_FAMILY = "1,2";
				TEST_HOST = "$(BUILT_PRODUCTS_DIR)/YoriJori.app/$(BUNDLE_EXECUTABLE_FOLDER_PATH)/YoriJori";
			};
			name = Release;
		};
		9CABC7C42C38EB8E0096D384 /* Debug */ = {
			isa = XCBuildConfiguration;
			buildSettings = {
				ALWAYS_EMBED_SWIFT_STANDARD_LIBRARIES = YES;
				CODE_SIGN_STYLE = Automatic;
				CURRENT_PROJECT_VERSION = 1;
				DEVELOPMENT_TEAM = YL7ZX6U88Y;
				GENERATE_INFOPLIST_FILE = YES;
				MARKETING_VERSION = 1.0;
				PRODUCT_BUNDLE_IDENTIFIER = com.team.YoriJoriUITests;
				PRODUCT_NAME = "$(TARGET_NAME)";
				SWIFT_EMIT_LOC_STRINGS = NO;
				SWIFT_VERSION = 5.0;
				TARGETED_DEVICE_FAMILY = "1,2";
				TEST_TARGET_NAME = YoriJori;
			};
			name = Debug;
		};
		9CABC7C52C38EB8E0096D384 /* Release */ = {
			isa = XCBuildConfiguration;
			buildSettings = {
				ALWAYS_EMBED_SWIFT_STANDARD_LIBRARIES = YES;
				CODE_SIGN_STYLE = Automatic;
				CURRENT_PROJECT_VERSION = 1;
				DEVELOPMENT_TEAM = YL7ZX6U88Y;
				GENERATE_INFOPLIST_FILE = YES;
				MARKETING_VERSION = 1.0;
				PRODUCT_BUNDLE_IDENTIFIER = com.team.YoriJoriUITests;
				PRODUCT_NAME = "$(TARGET_NAME)";
				SWIFT_EMIT_LOC_STRINGS = NO;
				SWIFT_VERSION = 5.0;
				TARGETED_DEVICE_FAMILY = "1,2";
				TEST_TARGET_NAME = YoriJori;
			};
			name = Release;
		};
/* End XCBuildConfiguration section */

/* Begin XCConfigurationList section */
		9CABC78F2C38EB8C0096D384 /* Build configuration list for PBXProject "YoriJori" */ = {
			isa = XCConfigurationList;
			buildConfigurations = (
				9CABC7BB2C38EB8E0096D384 /* Debug */,
				9CABC7BC2C38EB8E0096D384 /* Release */,
			);
			defaultConfigurationIsVisible = 0;
			defaultConfigurationName = Release;
		};
		9CABC7BD2C38EB8E0096D384 /* Build configuration list for PBXNativeTarget "YoriJori" */ = {
			isa = XCConfigurationList;
			buildConfigurations = (
				9CABC7BE2C38EB8E0096D384 /* Debug */,
				9CABC7BF2C38EB8E0096D384 /* Release */,
			);
			defaultConfigurationIsVisible = 0;
			defaultConfigurationName = Release;
		};
		9CABC7C02C38EB8E0096D384 /* Build configuration list for PBXNativeTarget "YoriJoriTests" */ = {
			isa = XCConfigurationList;
			buildConfigurations = (
				9CABC7C12C38EB8E0096D384 /* Debug */,
				9CABC7C22C38EB8E0096D384 /* Release */,
			);
			defaultConfigurationIsVisible = 0;
			defaultConfigurationName = Release;
		};
		9CABC7C32C38EB8E0096D384 /* Build configuration list for PBXNativeTarget "YoriJoriUITests" */ = {
			isa = XCConfigurationList;
			buildConfigurations = (
				9CABC7C42C38EB8E0096D384 /* Debug */,
				9CABC7C52C38EB8E0096D384 /* Release */,
			);
			defaultConfigurationIsVisible = 0;
			defaultConfigurationName = Release;
		};
/* End XCConfigurationList section */

/* Begin XCRemoteSwiftPackageReference section */
		9C516C422C687A43000D9C1C /* XCRemoteSwiftPackageReference "Alamofire" */ = {
			isa = XCRemoteSwiftPackageReference;
			repositoryURL = "https://github.com/Alamofire/Alamofire.git";
			requirement = {
				kind = upToNextMajorVersion;
				minimumVersion = 5.9.1;
			};
		};
		9C5FDB4D2CB00F6C0003C9A0 /* XCRemoteSwiftPackageReference "Kingfisher" */ = {
			isa = XCRemoteSwiftPackageReference;
			repositoryURL = "https://github.com/onevcat/Kingfisher.git";
			requirement = {
				kind = upToNextMajorVersion;
				minimumVersion = 8.0.3;
			};
		};
		9CABC7E62C392D5F0096D384 /* XCRemoteSwiftPackageReference "SnapKit" */ = {
			isa = XCRemoteSwiftPackageReference;
			repositoryURL = "https://github.com/SnapKit/SnapKit.git";
			requirement = {
				kind = upToNextMajorVersion;
				minimumVersion = 5.7.1;
			};
		};
		9CABC7EB2C395A060096D384 /* XCRemoteSwiftPackageReference "RxSwift" */ = {
			isa = XCRemoteSwiftPackageReference;
			repositoryURL = "https://github.com/ReactiveX/RxSwift.git";
			requirement = {
				kind = upToNextMajorVersion;
				minimumVersion = 6.7.1;
			};
		};
		9CABC7F62C399D410096D384 /* XCRemoteSwiftPackageReference "Then" */ = {
			isa = XCRemoteSwiftPackageReference;
			repositoryURL = "https://github.com/devxoul/Then";
			requirement = {
				kind = upToNextMajorVersion;
				minimumVersion = 3.0.0;
			};
		};
		9CDFA7F02C957AA30040554B /* XCRemoteSwiftPackageReference "FSCalendar" */ = {
			isa = XCRemoteSwiftPackageReference;
			repositoryURL = "https://github.com/WenchaoD/FSCalendar.git";
			requirement = {
				kind = upToNextMajorVersion;
				minimumVersion = 2.8.4;
			};
		};
/* End XCRemoteSwiftPackageReference section */

/* Begin XCSwiftPackageProductDependency section */
		9C516C432C687A43000D9C1C /* Alamofire */ = {
			isa = XCSwiftPackageProductDependency;
			package = 9C516C422C687A43000D9C1C /* XCRemoteSwiftPackageReference "Alamofire" */;
			productName = Alamofire;
		};
		9C5FDB4E2CB00F6C0003C9A0 /* Kingfisher */ = {
			isa = XCSwiftPackageProductDependency;
			package = 9C5FDB4D2CB00F6C0003C9A0 /* XCRemoteSwiftPackageReference "Kingfisher" */;
			productName = Kingfisher;
		};
		9CABC7E72C392D5F0096D384 /* SnapKit */ = {
			isa = XCSwiftPackageProductDependency;
			package = 9CABC7E62C392D5F0096D384 /* XCRemoteSwiftPackageReference "SnapKit" */;
			productName = SnapKit;
		};
		9CABC7EC2C395A060096D384 /* RxCocoa */ = {
			isa = XCSwiftPackageProductDependency;
			package = 9CABC7EB2C395A060096D384 /* XCRemoteSwiftPackageReference "RxSwift" */;
			productName = RxCocoa;
		};
		9CABC7EE2C395A060096D384 /* RxSwift */ = {
			isa = XCSwiftPackageProductDependency;
			package = 9CABC7EB2C395A060096D384 /* XCRemoteSwiftPackageReference "RxSwift" */;
			productName = RxSwift;
		};
		9CABC7F72C399D410096D384 /* Then */ = {
			isa = XCSwiftPackageProductDependency;
			package = 9CABC7F62C399D410096D384 /* XCRemoteSwiftPackageReference "Then" */;
			productName = Then;
		};
		9CDFA7F12C957AA30040554B /* FSCalendar */ = {
			isa = XCSwiftPackageProductDependency;
			package = 9CDFA7F02C957AA30040554B /* XCRemoteSwiftPackageReference "FSCalendar" */;
			productName = FSCalendar;
		};
/* End XCSwiftPackageProductDependency section */
	};
	rootObject = 9CABC78C2C38EB8C0096D384 /* Project object */;
}
